// !$*UTF8*$!
{
	archiveVersion = 1;
	classes = {
	};
	objectVersion = 46;
	objects = {

/* Begin PBXBuildFile section */
		3C7F6D551A9AB24600209A60 /* AppDelegate.swift in Sources */ = {isa = PBXBuildFile; fileRef = 3C7F6D541A9AB24600209A60 /* AppDelegate.swift */; };
		3C7F6D571A9AB24600209A60 /* ViewController.swift in Sources */ = {isa = PBXBuildFile; fileRef = 3C7F6D561A9AB24600209A60 /* ViewController.swift */; };
		3C7F6D5A1A9AB24600209A60 /* Main.storyboard in Resources */ = {isa = PBXBuildFile; fileRef = 3C7F6D581A9AB24600209A60 /* Main.storyboard */; };
		3C7F6D5C1A9AB24600209A60 /* Images.xcassets in Resources */ = {isa = PBXBuildFile; fileRef = 3C7F6D5B1A9AB24600209A60 /* Images.xcassets */; };
		3C7F6D5F1A9AB24600209A60 /* LaunchScreen.xib in Resources */ = {isa = PBXBuildFile; fileRef = 3C7F6D5D1A9AB24600209A60 /* LaunchScreen.xib */; };
		3C7F6D6B1A9AB24600209A60 /* midtermCalculatorTests.swift in Sources */ = {isa = PBXBuildFile; fileRef = 3C7F6D6A1A9AB24600209A60 /* midtermCalculatorTests.swift */; };
/* End PBXBuildFile section */

/* Begin PBXContainerItemProxy section */
		3C7F6D651A9AB24600209A60 /* PBXContainerItemProxy */ = {
			isa = PBXContainerItemProxy;
			containerPortal = 3C7F6D471A9AB24600209A60 /* Project object */;
			proxyType = 1;
			remoteGlobalIDString = 3C7F6D4E1A9AB24600209A60;
			remoteInfo = midtermCalculator;
		};
/* End PBXContainerItemProxy section */

/* Begin PBXFileReference section */
		3C7F6D4F1A9AB24600209A60 /* midtermCalculator.app */ = {isa = PBXFileReference; explicitFileType = wrapper.application; includeInIndex = 0; path = midtermCalculator.app; sourceTree = BUILT_PRODUCTS_DIR; };
		3C7F6D531A9AB24600209A60 /* Info.plist */ = {isa = PBXFileReference; lastKnownFileType = text.plist.xml; path = Info.plist; sourceTree = "<group>"; };
		3C7F6D541A9AB24600209A60 /* AppDelegate.swift */ = {isa = PBXFileReference; lastKnownFileType = sourcecode.swift; path = AppDelegate.swift; sourceTree = "<group>"; };
		3C7F6D561A9AB24600209A60 /* ViewController.swift */ = {isa = PBXFileReference; lastKnownFileType = sourcecode.swift; path = ViewController.swift; sourceTree = "<group>"; };
		3C7F6D591A9AB24600209A60 /* Base */ = {isa = PBXFileReference; lastKnownFileType = file.storyboard; name = Base; path = Base.lproj/Main.storyboard; sourceTree = "<group>"; };
		3C7F6D5B1A9AB24600209A60 /* Images.xcassets */ = {isa = PBXFileReference; lastKnownFileType = folder.assetcatalog; path = Images.xcassets; sourceTree = "<group>"; };
		3C7F6D5E1A9AB24600209A60 /* Base */ = {isa = PBXFileReference; lastKnownFileType = file.xib; name = Base; path = Base.lproj/LaunchScreen.xib; sourceTree = "<group>"; };
		3C7F6D641A9AB24600209A60 /* midtermCalculatorTests.xctest */ = {isa = PBXFileReference; explicitFileType = wrapper.cfbundle; includeInIndex = 0; path = midtermCalculatorTests.xctest; sourceTree = BUILT_PRODUCTS_DIR; };
		3C7F6D691A9AB24600209A60 /* Info.plist */ = {isa = PBXFileReference; lastKnownFileType = text.plist.xml; path = Info.plist; sourceTree = "<group>"; };
		3C7F6D6A1A9AB24600209A60 /* midtermCalculatorTests.swift */ = {isa = PBXFileReference; lastKnownFileType = sourcecode.swift; path = midtermCalculatorTests.swift; sourceTree = "<group>"; };
/* End PBXFileReference section */

/* Begin PBXFrameworksBuildPhase section */
		3C7F6D4C1A9AB24600209A60 /* Frameworks */ = {
			isa = PBXFrameworksBuildPhase;
			buildActionMask = 2147483647;
			files = (
			);
			runOnlyForDeploymentPostprocessing = 0;
		};
		3C7F6D611A9AB24600209A60 /* Frameworks */ = {
			isa = PBXFrameworksBuildPhase;
			buildActionMask = 2147483647;
			files = (
			);
			runOnlyForDeploymentPostprocessing = 0;
		};
/* End PBXFrameworksBuildPhase section */

/* Begin PBXGroup section */
		3C7F6D461A9AB24600209A60 = {
			isa = PBXGroup;
			children = (
				3C7F6D511A9AB24600209A60 /* midtermCalculator */,
				3C7F6D671A9AB24600209A60 /* midtermCalculatorTests */,
				3C7F6D501A9AB24600209A60 /* Products */,
			);
			sourceTree = "<group>";
		};
		3C7F6D501A9AB24600209A60 /* Products */ = {
			isa = PBXGroup;
			children = (
				3C7F6D4F1A9AB24600209A60 /* midtermCalculator.app */,
				3C7F6D641A9AB24600209A60 /* midtermCalculatorTests.xctest */,
			);
			name = Products;
			sourceTree = "<group>";
		};
		3C7F6D511A9AB24600209A60 /* midtermCalculator */ = {
			isa = PBXGroup;
			children = (
				3C7F6D541A9AB24600209A60 /* AppDelegate.swift */,
				3C7F6D561A9AB24600209A60 /* ViewController.swift */,
				3C7F6D581A9AB24600209A60 /* Main.storyboard */,
				3C7F6D5B1A9AB24600209A60 /* Images.xcassets */,
				3C7F6D5D1A9AB24600209A60 /* LaunchScreen.xib */,
				3C7F6D521A9AB24600209A60 /* Supporting Files */,
			);
			path = midtermCalculator;
			sourceTree = "<group>";
		};
		3C7F6D521A9AB24600209A60 /* Supporting Files */ = {
			isa = PBXGroup;
			children = (
				3C7F6D531A9AB24600209A60 /* Info.plist */,
			);
			name = "Supporting Files";
			sourceTree = "<group>";
		};
		3C7F6D671A9AB24600209A60 /* midtermCalculatorTests */ = {
			isa = PBXGroup;
			children = (
				3C7F6D6A1A9AB24600209A60 /* midtermCalculatorTests.swift */,
				3C7F6D681A9AB24600209A60 /* Supporting Files */,
			);
			path = midtermCalculatorTests;
			sourceTree = "<group>";
		};
		3C7F6D681A9AB24600209A60 /* Supporting Files */ = {
			isa = PBXGroup;
			children = (
				3C7F6D691A9AB24600209A60 /* Info.plist */,
			);
			name = "Supporting Files";
			sourceTree = "<group>";
		};
/* End PBXGroup section */

/* Begin PBXNativeTarget section */
		3C7F6D4E1A9AB24600209A60 /* midtermCalculator */ = {
			isa = PBXNativeTarget;
			buildConfigurationList = 3C7F6D6E1A9AB24600209A60 /* Build configuration list for PBXNativeTarget "midtermCalculator" */;
			buildPhases = (
				3C7F6D4B1A9AB24600209A60 /* Sources */,
				3C7F6D4C1A9AB24600209A60 /* Frameworks */,
				3C7F6D4D1A9AB24600209A60 /* Resources */,
			);
			buildRules = (
			);
			dependencies = (
			);
			name = midtermCalculator;
			productName = midtermCalculator;
			productReference = 3C7F6D4F1A9AB24600209A60 /* midtermCalculator.app */;
			productType = "com.apple.product-type.application";
		};
		3C7F6D631A9AB24600209A60 /* midtermCalculatorTests */ = {
			isa = PBXNativeTarget;
			buildConfigurationList = 3C7F6D711A9AB24600209A60 /* Build configuration list for PBXNativeTarget "midtermCalculatorTests" */;
			buildPhases = (
				3C7F6D601A9AB24600209A60 /* Sources */,
				3C7F6D611A9AB24600209A60 /* Frameworks */,
				3C7F6D621A9AB24600209A60 /* Resources */,
			);
			buildRules = (
			);
			dependencies = (
				3C7F6D661A9AB24600209A60 /* PBXTargetDependency */,
			);
			name = midtermCalculatorTests;
			productName = midtermCalculatorTests;
			productReference = 3C7F6D641A9AB24600209A60 /* midtermCalculatorTests.xctest */;
			productType = "com.apple.product-type.bundle.unit-test";
		};
/* End PBXNativeTarget section */

/* Begin PBXProject section */
		3C7F6D471A9AB24600209A60 /* Project object */ = {
			isa = PBXProject;
			attributes = {
				LastUpgradeCheck = 0610;
				ORGANIZATIONNAME = "Monica He";
				TargetAttributes = {
					3C7F6D4E1A9AB24600209A60 = {
						CreatedOnToolsVersion = 6.1.1;
					};
					3C7F6D631A9AB24600209A60 = {
						CreatedOnToolsVersion = 6.1.1;
						TestTargetID = 3C7F6D4E1A9AB24600209A60;
					};
				};
			};
			buildConfigurationList = 3C7F6D4A1A9AB24600209A60 /* Build configuration list for PBXProject "midtermCalculator" */;
			compatibilityVersion = "Xcode 3.2";
			developmentRegion = English;
			hasScannedForEncodings = 0;
			knownRegions = (
				en,
				Base,
			);
			mainGroup = 3C7F6D461A9AB24600209A60;
			productRefGroup = 3C7F6D501A9AB24600209A60 /* Products */;
			projectDirPath = "";
			projectRoot = "";
			targets = (
				3C7F6D4E1A9AB24600209A60 /* midtermCalculator */,
				3C7F6D631A9AB24600209A60 /* midtermCalculatorTests */,
			);
		};
/* End PBXProject section */

/* Begin PBXResourcesBuildPhase section */
		3C7F6D4D1A9AB24600209A60 /* Resources */ = {
			isa = PBXResourcesBuildPhase;
			buildActionMask = 2147483647;
			files = (
				3C7F6D5A1A9AB24600209A60 /* Main.storyboard in Resources */,
				3C7F6D5F1A9AB24600209A60 /* LaunchScreen.xib in Resources */,
				3C7F6D5C1A9AB24600209A60 /* Images.xcassets in Resources */,
			);
			runOnlyForDeploymentPostprocessing = 0;
		};
		3C7F6D621A9AB24600209A60 /* Resources */ = {
			isa = PBXResourcesBuildPhase;
			buildActionMask = 2147483647;
			files = (
			);
			runOnlyForDeploymentPostprocessing = 0;
		};
/* End PBXResourcesBuildPhase section */

/* Begin PBXSourcesBuildPhase section */
		3C7F6D4B1A9AB24600209A60 /* Sources */ = {
			isa = PBXSourcesBuildPhase;
			buildActionMask = 2147483647;
			files = (
				3C7F6D571A9AB24600209A60 /* ViewController.swift in Sources */,
				3C7F6D551A9AB24600209A60 /* AppDelegate.swift in Sources */,
			);
			runOnlyForDeploymentPostprocessing = 0;
		};
		3C7F6D601A9AB24600209A60 /* Sources */ = {
			isa = PBXSourcesBuildPhase;
			buildActionMask = 2147483647;
			files = (
				3C7F6D6B1A9AB24600209A60 /* midtermCalculatorTests.swift in Sources */,
			);
			runOnlyForDeploymentPostprocessing = 0;
		};
/* End PBXSourcesBuildPhase section */

/* Begin PBXTargetDependency section */
		3C7F6D661A9AB24600209A60 /* PBXTargetDependency */ = {
			isa = PBXTargetDependency;
			target = 3C7F6D4E1A9AB24600209A60 /* midtermCalculator */;
			targetProxy = 3C7F6D651A9AB24600209A60 /* PBXContainerItemProxy */;
		};
/* End PBXTargetDependency section */

/* Begin PBXVariantGroup section */
		3C7F6D581A9AB24600209A60 /* Main.storyboard */ = {
			isa = PBXVariantGroup;
			children = (
				3C7F6D591A9AB24600209A60 /* Base */,
			);
			name = Main.storyboard;
			sourceTree = "<group>";
		};
		3C7F6D5D1A9AB24600209A60 /* LaunchScreen.xib */ = {
			isa = PBXVariantGroup;
			children = (
				3C7F6D5E1A9AB24600209A60 /* Base */,
			);
			name = LaunchScreen.xib;
			sourceTree = "<group>";
		};
/* End PBXVariantGroup section */

/* Begin XCBuildConfiguration section */
		3C7F6D6C1A9AB24600209A60 /* Debug */ = {
			isa = XCBuildConfiguration;
			buildSettings = {
				ALWAYS_SEARCH_USER_PATHS = NO;
				CLANG_CXX_LANGUAGE_STANDARD = "gnu++0x";
				CLANG_CXX_LIBRARY = "libc++";
				CLANG_ENABLE_MODULES = YES;
				CLANG_ENABLE_OBJC_ARC = YES;
				CLANG_WARN_BOOL_CONVERSION = YES;
				CLANG_WARN_CONSTANT_CONVERSION = YES;
				CLANG_WARN_DIRECT_OBJC_ISA_USAGE = YES_ERROR;
				CLANG_WARN_EMPTY_BODY = YES;
				CLANG_WARN_ENUM_CONVERSION = YES;
				CLANG_WARN_INT_CONVERSION = YES;
				CLANG_WARN_OBJC_ROOT_CLASS = YES_ERROR;
				CLANG_WARN_UNREACHABLE_CODE = YES;
				CLANG_WARN__DUPLICATE_METHOD_MATCH = YES;
				"CODE_SIGN_IDENTITY[sdk=iphoneos*]" = "iPhone Developer";
				COPY_PHASE_STRIP = NO;
				ENABLE_STRICT_OBJC_MSGSEND = YES;
				GCC_C_LANGUAGE_STANDARD = gnu99;
				GCC_DYNAMIC_NO_PIC = NO;
				GCC_OPTIMIZATION_LEVEL = 0;
				GCC_PREPROCESSOR_DEFINITIONS = (
					"DEBUG=1",
					"$(inherited)",
				);
				GCC_SYMBOLS_PRIVATE_EXTERN = NO;
				GCC_WARN_64_TO_32_BIT_CONVERSION = YES;
				GCC_WARN_ABOUT_RETURN_TYPE = YES_ERROR;
				GCC_WARN_UNDECLARED_SELECTOR = YES;
				GCC_WARN_UNINITIALIZED_AUTOS = YES_AGGRESSIVE;
				GCC_WARN_UNUSED_FUNCTION = YES;
				GCC_WARN_UNUSED_VARIABLE = YES;
				IPHONEOS_DEPLOYMENT_TARGET = 8.1;
				MTL_ENABLE_DEBUG_INFO = YES;
				ONLY_ACTIVE_ARCH = YES;
				SDKROOT = iphoneos;
				SWIFT_OPTIMIZATION_LEVEL = "-Onone";
				TARGETED_DEVICE_FAMILY = "1,2";
			};
			name = Debug;
		};
		3C7F6D6D1A9AB24600209A60 /* Release */ = {
			isa = XCBuildConfiguration;
			buildSettings = {
				ALWAYS_SEARCH_USER_PATHS = NO;
				CLANG_CXX_LANGUAGE_STANDARD = "gnu++0x";
				CLANG_CXX_LIBRARY = "libc++";
				CLANG_ENABLE_MODULES = YES;
				CLANG_ENABLE_OBJC_ARC = YES;
				CLANG_WARN_BOOL_CONVERSION = YES;
				CLANG_WARN_CONSTANT_CONVERSION = YES;
				CLANG_WARN_DIRECT_OBJC_ISA_USAGE = YES_ERROR;
				CLANG_WARN_EMPTY_BODY = YES;
				CLANG_WARN_ENUM_CONVERSION = YES;
				CLANG_WARN_INT_CONVERSION = YES;
				CLANG_WARN_OBJC_ROOT_CLASS = YES_ERROR;
				CLANG_WARN_UNREACHABLE_CODE = YES;
				CLANG_WARN__DUPLICATE_METHOD_MATCH = YES;
				"CODE_SIGN_IDENTITY[sdk=iphoneos*]" = "iPhone Developer";
				COPY_PHASE_STRIP = YES;
				ENABLE_NS_ASSERTIONS = NO;
				ENABLE_STRICT_OBJC_MSGSEND = YES;
				GCC_C_LANGUAGE_STANDARD = gnu99;
				GCC_WARN_64_TO_32_BIT_CONVERSION = YES;
				GCC_WARN_ABOUT_RETURN_TYPE = YES_ERROR;
				GCC_WARN_UNDECLARED_SELECTOR = YES;
				GCC_WARN_UNINITIALIZED_AUTOS = YES_AGGRESSIVE;
				GCC_WARN_UNUSED_FUNCTION = YES;
				GCC_WARN_UNUSED_VARIABLE = YES;
				IPHONEOS_DEPLOYMENT_TARGET = 8.1;
				MTL_ENABLE_DEBUG_INFO = NO;
				SDKROOT = iphoneos;
				TARGETED_DEVICE_FAMILY = "1,2";
				VALIDATE_PRODUCT = YES;
			};
			name = Release;
		};
		3C7F6D6F1A9AB24600209A60 /* Debug */ = {
			isa = XCBuildConfiguration;
			buildSettings = {
				ASSETCATALOG_COMPILER_APPICON_NAME = AppIcon;
				INFOPLIST_FILE = midtermCalculator/Info.plist;
				LD_RUNPATH_SEARCH_PATHS = "$(inherited) @executable_path/Frameworks";
				PRODUCT_NAME = midtermCalculator;
			};
			name = Debug;
		};
		3C7F6D701A9AB24600209A60 /* Release */ = {
			isa = XCBuildConfiguration;
			buildSettings = {
				ASSETCATALOG_COMPILER_APPICON_NAME = AppIcon;
				INFOPLIST_FILE = midtermCalculator/Info.plist;
				LD_RUNPATH_SEARCH_PATHS = "$(inherited) @executable_path/Frameworks";
				PRODUCT_NAME = midtermCalculator;
			};
			name = Release;
		};
		3C7F6D721A9AB24600209A60 /* Debug */ = {
			isa = XCBuildConfiguration;
			buildSettings = {
				BUNDLE_LOADER = "$(TEST_HOST)";
				FRAMEWORK_SEARCH_PATHS = (
					"$(SDKROOT)/Developer/Library/Frameworks",
					"$(inherited)",
				);
				GCC_PREPROCESSOR_DEFINITIONS = (
					"DEBUG=1",
					"$(inherited)",
				);
				INFOPLIST_FILE = midtermCalculatorTests/Info.plist;
				LD_RUNPATH_SEARCH_PATHS = "$(inherited) @executable_path/Frameworks @loader_path/Frameworks";
				PRODUCT_NAME = midtermCalculatorTests;
				TEST_HOST = "$(BUILT_PRODUCTS_DIR)/midtermCalculator.app/midtermCalculator";
			};
			name = Debug;
		};
		3C7F6D731A9AB24600209A60 /* Release */ = {
			isa = XCBuildConfiguration;
			buildSettings = {
				BUNDLE_LOADER = "$(TEST_HOST)";
				FRAMEWORK_SEARCH_PATHS = (
					"$(SDKROOT)/Developer/Library/Frameworks",
					"$(inherited)",
				);
				INFOPLIST_FILE = midtermCalculatorTests/Info.plist;
				LD_RUNPATH_SEARCH_PATHS = "$(inherited) @executable_path/Frameworks @loader_path/Frameworks";
				PRODUCT_NAME = midtermCalculatorTests;
				TEST_HOST = "$(BUILT_PRODUCTS_DIR)/midtermCalculator.app/midtermCalculator";
			};
			name = Release;
		};
/* End XCBuildConfiguration section */

/* Begin XCConfigurationList section */
		3C7F6D4A1A9AB24600209A60 /* Build configuration list for PBXProject "midtermCalculator" */ = {
			isa = XCConfigurationList;
			buildConfigurations = (
				3C7F6D6C1A9AB24600209A60 /* Debug */,
				3C7F6D6D1A9AB24600209A60 /* Release */,
			);
			defaultConfigurationIsVisible = 0;
			defaultConfigurationName = Release;
		};
		3C7F6D6E1A9AB24600209A60 /* Build configuration list for PBXNativeTarget "midtermCalculator" */ = {
			isa = XCConfigurationList;
			buildConfigurations = (
				3C7F6D6F1A9AB24600209A60 /* Debug */,
				3C7F6D701A9AB24600209A60 /* Release */,
			);
			defaultConfigurationIsVisible = 0;
			defaultConfigurationName = Release;
		};
		3C7F6D711A9AB24600209A60 /* Build configuration list for PBXNativeTarget "midtermCalculatorTests" */ = {
			isa = XCConfigurationList;
			buildConfigurations = (
				3C7F6D721A9AB24600209A60 /* Debug */,
				3C7F6D731A9AB24600209A60 /* Release */,
			);
			defaultConfigurationIsVisible = 0;
			defaultConfigurationName = Release;
		};
/* End XCConfigurationList section */
	};
	rootObject = 3C7F6D471A9AB24600209A60 /* Project object */;
}
