// !$*UTF8*$!
{
	archiveVersion = 1;
	classes = {
	};
	objectVersion = 46;
	objects = {

/* Begin PBXBuildFile section */
		3C9AB9321AC0599B0031FA97 /* AppDelegate.swift in Sources */ = {isa = PBXBuildFile; fileRef = 3C9AB9311AC0599B0031FA97 /* AppDelegate.swift */; };
		3C9AB9351AC0599B0031FA97 /* ZodiacTest2.xcdatamodeld in Sources */ = {isa = PBXBuildFile; fileRef = 3C9AB9331AC0599B0031FA97 /* ZodiacTest2.xcdatamodeld */; };
		3C9AB9371AC0599B0031FA97 /* ViewController.swift in Sources */ = {isa = PBXBuildFile; fileRef = 3C9AB9361AC0599B0031FA97 /* ViewController.swift */; };
		3C9AB93C1AC0599B0031FA97 /* Images.xcassets in Resources */ = {isa = PBXBuildFile; fileRef = 3C9AB93B1AC0599B0031FA97 /* Images.xcassets */; };
		3C9AB93F1AC0599B0031FA97 /* LaunchScreen.xib in Resources */ = {isa = PBXBuildFile; fileRef = 3C9AB93D1AC0599B0031FA97 /* LaunchScreen.xib */; };
		3C9AB94B1AC0599B0031FA97 /* ZodiacTest2Tests.swift in Sources */ = {isa = PBXBuildFile; fileRef = 3C9AB94A1AC0599B0031FA97 /* ZodiacTest2Tests.swift */; };
		3C9AB9551AC059C40031FA97 /* Main.storyboard in Resources */ = {isa = PBXBuildFile; fileRef = 3C9AB9541AC059C40031FA97 /* Main.storyboard */; };
		3C9AB9571AC077790031FA97 /* RatFlashViewController.swift in Sources */ = {isa = PBXBuildFile; fileRef = 3C9AB9561AC077790031FA97 /* RatFlashViewController.swift */; };
/* End PBXBuildFile section */

/* Begin PBXContainerItemProxy section */
		3C9AB9451AC0599B0031FA97 /* PBXContainerItemProxy */ = {
			isa = PBXContainerItemProxy;
			containerPortal = 3C9AB9241AC0599B0031FA97 /* Project object */;
			proxyType = 1;
			remoteGlobalIDString = 3C9AB92B1AC0599B0031FA97;
			remoteInfo = ZodiacTest2;
		};
/* End PBXContainerItemProxy section */

/* Begin PBXFileReference section */
		3C9AB92C1AC0599B0031FA97 /* ZodiacTest2.app */ = {isa = PBXFileReference; explicitFileType = wrapper.application; includeInIndex = 0; path = ZodiacTest2.app; sourceTree = BUILT_PRODUCTS_DIR; };
		3C9AB9301AC0599B0031FA97 /* Info.plist */ = {isa = PBXFileReference; lastKnownFileType = text.plist.xml; path = Info.plist; sourceTree = "<group>"; };
		3C9AB9311AC0599B0031FA97 /* AppDelegate.swift */ = {isa = PBXFileReference; lastKnownFileType = sourcecode.swift; path = AppDelegate.swift; sourceTree = "<group>"; };
		3C9AB9341AC0599B0031FA97 /* ZodiacTest2.xcdatamodel */ = {isa = PBXFileReference; lastKnownFileType = wrapper.xcdatamodel; path = ZodiacTest2.xcdatamodel; sourceTree = "<group>"; };
		3C9AB9361AC0599B0031FA97 /* ViewController.swift */ = {isa = PBXFileReference; lastKnownFileType = sourcecode.swift; path = ViewController.swift; sourceTree = "<group>"; };
		3C9AB93B1AC0599B0031FA97 /* Images.xcassets */ = {isa = PBXFileReference; lastKnownFileType = folder.assetcatalog; path = Images.xcassets; sourceTree = "<group>"; };
		3C9AB93E1AC0599B0031FA97 /* Base */ = {isa = PBXFileReference; lastKnownFileType = file.xib; name = Base; path = Base.lproj/LaunchScreen.xib; sourceTree = "<group>"; };
		3C9AB9441AC0599B0031FA97 /* ZodiacTest2Tests.xctest */ = {isa = PBXFileReference; explicitFileType = wrapper.cfbundle; includeInIndex = 0; path = ZodiacTest2Tests.xctest; sourceTree = BUILT_PRODUCTS_DIR; };
		3C9AB9491AC0599B0031FA97 /* Info.plist */ = {isa = PBXFileReference; lastKnownFileType = text.plist.xml; path = Info.plist; sourceTree = "<group>"; };
		3C9AB94A1AC0599B0031FA97 /* ZodiacTest2Tests.swift */ = {isa = PBXFileReference; lastKnownFileType = sourcecode.swift; path = ZodiacTest2Tests.swift; sourceTree = "<group>"; };
		3C9AB9541AC059C40031FA97 /* Main.storyboard */ = {isa = PBXFileReference; fileEncoding = 4; lastKnownFileType = file.storyboard; path = Main.storyboard; sourceTree = "<group>"; };
		3C9AB9561AC077790031FA97 /* RatFlashViewController.swift */ = {isa = PBXFileReference; fileEncoding = 4; lastKnownFileType = sourcecode.swift; path = RatFlashViewController.swift; sourceTree = "<group>"; };
/* End PBXFileReference section */

/* Begin PBXFrameworksBuildPhase section */
		3C9AB9291AC0599B0031FA97 /* Frameworks */ = {
			isa = PBXFrameworksBuildPhase;
			buildActionMask = 2147483647;
			files = (
			);
			runOnlyForDeploymentPostprocessing = 0;
		};
		3C9AB9411AC0599B0031FA97 /* Frameworks */ = {
			isa = PBXFrameworksBuildPhase;
			buildActionMask = 2147483647;
			files = (
			);
			runOnlyForDeploymentPostprocessing = 0;
		};
/* End PBXFrameworksBuildPhase section */

/* Begin PBXGroup section */
		3C9AB9231AC0599B0031FA97 = {
			isa = PBXGroup;
			children = (
				3C9AB92E1AC0599B0031FA97 /* ZodiacTest2 */,
				3C9AB9471AC0599B0031FA97 /* ZodiacTest2Tests */,
				3C9AB92D1AC0599B0031FA97 /* Products */,
			);
			sourceTree = "<group>";
		};
		3C9AB92D1AC0599B0031FA97 /* Products */ = {
			isa = PBXGroup;
			children = (
				3C9AB92C1AC0599B0031FA97 /* ZodiacTest2.app */,
				3C9AB9441AC0599B0031FA97 /* ZodiacTest2Tests.xctest */,
			);
			name = Products;
			sourceTree = "<group>";
		};
		3C9AB92E1AC0599B0031FA97 /* ZodiacTest2 */ = {
			isa = PBXGroup;
			children = (
				3C9AB9541AC059C40031FA97 /* Main.storyboard */,
				3C9AB9561AC077790031FA97 /* RatFlashViewController.swift */,
				3C9AB9311AC0599B0031FA97 /* AppDelegate.swift */,
				3C9AB9361AC0599B0031FA97 /* ViewController.swift */,
				3C9AB93B1AC0599B0031FA97 /* Images.xcassets */,
				3C9AB93D1AC0599B0031FA97 /* LaunchScreen.xib */,
				3C9AB9331AC0599B0031FA97 /* ZodiacTest2.xcdatamodeld */,
				3C9AB92F1AC0599B0031FA97 /* Supporting Files */,
			);
			path = ZodiacTest2;
			sourceTree = "<group>";
		};
		3C9AB92F1AC0599B0031FA97 /* Supporting Files */ = {
			isa = PBXGroup;
			children = (
				3C9AB9301AC0599B0031FA97 /* Info.plist */,
			);
			name = "Supporting Files";
			sourceTree = "<group>";
		};
		3C9AB9471AC0599B0031FA97 /* ZodiacTest2Tests */ = {
			isa = PBXGroup;
			children = (
				3C9AB94A1AC0599B0031FA97 /* ZodiacTest2Tests.swift */,
				3C9AB9481AC0599B0031FA97 /* Supporting Files */,
			);
			path = ZodiacTest2Tests;
			sourceTree = "<group>";
		};
		3C9AB9481AC0599B0031FA97 /* Supporting Files */ = {
			isa = PBXGroup;
			children = (
				3C9AB9491AC0599B0031FA97 /* Info.plist */,
			);
			name = "Supporting Files";
			sourceTree = "<group>";
		};
/* End PBXGroup section */

/* Begin PBXNativeTarget section */
		3C9AB92B1AC0599B0031FA97 /* ZodiacTest2 */ = {
			isa = PBXNativeTarget;
			buildConfigurationList = 3C9AB94E1AC0599B0031FA97 /* Build configuration list for PBXNativeTarget "ZodiacTest2" */;
			buildPhases = (
				3C9AB9281AC0599B0031FA97 /* Sources */,
				3C9AB9291AC0599B0031FA97 /* Frameworks */,
				3C9AB92A1AC0599B0031FA97 /* Resources */,
			);
			buildRules = (
			);
			dependencies = (
			);
			name = ZodiacTest2;
			productName = ZodiacTest2;
			productReference = 3C9AB92C1AC0599B0031FA97 /* ZodiacTest2.app */;
			productType = "com.apple.product-type.application";
		};
		3C9AB9431AC0599B0031FA97 /* ZodiacTest2Tests */ = {
			isa = PBXNativeTarget;
			buildConfigurationList = 3C9AB9511AC0599B0031FA97 /* Build configuration list for PBXNativeTarget "ZodiacTest2Tests" */;
			buildPhases = (
				3C9AB9401AC0599B0031FA97 /* Sources */,
				3C9AB9411AC0599B0031FA97 /* Frameworks */,
				3C9AB9421AC0599B0031FA97 /* Resources */,
			);
			buildRules = (
			);
			dependencies = (
				3C9AB9461AC0599B0031FA97 /* PBXTargetDependency */,
			);
			name = ZodiacTest2Tests;
			productName = ZodiacTest2Tests;
			productReference = 3C9AB9441AC0599B0031FA97 /* ZodiacTest2Tests.xctest */;
			productType = "com.apple.product-type.bundle.unit-test";
		};
/* End PBXNativeTarget section */

/* Begin PBXProject section */
		3C9AB9241AC0599B0031FA97 /* Project object */ = {
			isa = PBXProject;
			attributes = {
				LastUpgradeCheck = 0620;
				ORGANIZATIONNAME = "Monica He";
				TargetAttributes = {
					3C9AB92B1AC0599B0031FA97 = {
						CreatedOnToolsVersion = 6.2;
					};
					3C9AB9431AC0599B0031FA97 = {
						CreatedOnToolsVersion = 6.2;
						TestTargetID = 3C9AB92B1AC0599B0031FA97;
					};
				};
			};
			buildConfigurationList = 3C9AB9271AC0599B0031FA97 /* Build configuration list for PBXProject "ZodiacTest2" */;
			compatibilityVersion = "Xcode 3.2";
			developmentRegion = English;
			hasScannedForEncodings = 0;
			knownRegions = (
				en,
				Base,
			);
			mainGroup = 3C9AB9231AC0599B0031FA97;
			productRefGroup = 3C9AB92D1AC0599B0031FA97 /* Products */;
			projectDirPath = "";
			projectRoot = "";
			targets = (
				3C9AB92B1AC0599B0031FA97 /* ZodiacTest2 */,
				3C9AB9431AC0599B0031FA97 /* ZodiacTest2Tests */,
			);
		};
/* End PBXProject section */

/* Begin PBXResourcesBuildPhase section */
		3C9AB92A1AC0599B0031FA97 /* Resources */ = {
			isa = PBXResourcesBuildPhase;
			buildActionMask = 2147483647;
			files = (
				3C9AB9551AC059C40031FA97 /* Main.storyboard in Resources */,
				3C9AB93F1AC0599B0031FA97 /* LaunchScreen.xib in Resources */,
				3C9AB93C1AC0599B0031FA97 /* Images.xcassets in Resources */,
			);
			runOnlyForDeploymentPostprocessing = 0;
		};
		3C9AB9421AC0599B0031FA97 /* Resources */ = {
			isa = PBXResourcesBuildPhase;
			buildActionMask = 2147483647;
			files = (
			);
			runOnlyForDeploymentPostprocessing = 0;
		};
/* End PBXResourcesBuildPhase section */

/* Begin PBXSourcesBuildPhase section */
		3C9AB9281AC0599B0031FA97 /* Sources */ = {
			isa = PBXSourcesBuildPhase;
			buildActionMask = 2147483647;
			files = (
				3C9AB9371AC0599B0031FA97 /* ViewController.swift in Sources */,
				3C9AB9351AC0599B0031FA97 /* ZodiacTest2.xcdatamodeld in Sources */,
				3C9AB9321AC0599B0031FA97 /* AppDelegate.swift in Sources */,
				3C9AB9571AC077790031FA97 /* RatFlashViewController.swift in Sources */,
			);
			runOnlyForDeploymentPostprocessing = 0;
		};
		3C9AB9401AC0599B0031FA97 /* Sources */ = {
			isa = PBXSourcesBuildPhase;
			buildActionMask = 2147483647;
			files = (
				3C9AB94B1AC0599B0031FA97 /* ZodiacTest2Tests.swift in Sources */,
			);
			runOnlyForDeploymentPostprocessing = 0;
		};
/* End PBXSourcesBuildPhase section */

/* Begin PBXTargetDependency section */
		3C9AB9461AC0599B0031FA97 /* PBXTargetDependency */ = {
			isa = PBXTargetDependency;
			target = 3C9AB92B1AC0599B0031FA97 /* ZodiacTest2 */;
			targetProxy = 3C9AB9451AC0599B0031FA97 /* PBXContainerItemProxy */;
		};
/* End PBXTargetDependency section */

/* Begin PBXVariantGroup section */
		3C9AB93D1AC0599B0031FA97 /* LaunchScreen.xib */ = {
			isa = PBXVariantGroup;
			children = (
				3C9AB93E1AC0599B0031FA97 /* Base */,
			);
			name = LaunchScreen.xib;
			sourceTree = "<group>";
		};
/* End PBXVariantGroup section */

/* Begin XCBuildConfiguration section */
		3C9AB94C1AC0599B0031FA97 /* Debug */ = {
			isa = XCBuildConfiguration;
			buildSettings = {
				ALWAYS_SEARCH_USER_PATHS = NO;
				CLANG_CXX_LANGUAGE_STANDARD = "gnu++0x";
				CLANG_CXX_LIBRARY = "libc++";
				CLANG_ENABLE_MODULES = YES;
				CLANG_ENABLE_OBJC_ARC = YES;
				CLANG_WARN_BOOL_CONVERSION = YES;
				CLANG_WARN_CONSTANT_CONVERSION = YES;
				CLANG_WARN_DIRECT_OBJC_ISA_USAGE = YES_ERROR;
				CLANG_WARN_EMPTY_BODY = YES;
				CLANG_WARN_ENUM_CONVERSION = YES;
				CLANG_WARN_INT_CONVERSION = YES;
				CLANG_WARN_OBJC_ROOT_CLASS = YES_ERROR;
				CLANG_WARN_UNREACHABLE_CODE = YES;
				CLANG_WARN__DUPLICATE_METHOD_MATCH = YES;
				"CODE_SIGN_IDENTITY[sdk=iphoneos*]" = "iPhone Developer";
				COPY_PHASE_STRIP = NO;
				ENABLE_STRICT_OBJC_MSGSEND = YES;
				GCC_C_LANGUAGE_STANDARD = gnu99;
				GCC_DYNAMIC_NO_PIC = NO;
				GCC_OPTIMIZATION_LEVEL = 0;
				GCC_PREPROCESSOR_DEFINITIONS = (
					"DEBUG=1",
					"$(inherited)",
				);
				GCC_SYMBOLS_PRIVATE_EXTERN = NO;
				GCC_WARN_64_TO_32_BIT_CONVERSION = YES;
				GCC_WARN_ABOUT_RETURN_TYPE = YES_ERROR;
				GCC_WARN_UNDECLARED_SELECTOR = YES;
				GCC_WARN_UNINITIALIZED_AUTOS = YES_AGGRESSIVE;
				GCC_WARN_UNUSED_FUNCTION = YES;
				GCC_WARN_UNUSED_VARIABLE = YES;
				IPHONEOS_DEPLOYMENT_TARGET = 8.2;
				MTL_ENABLE_DEBUG_INFO = YES;
				ONLY_ACTIVE_ARCH = YES;
				SDKROOT = iphoneos;
				SWIFT_OPTIMIZATION_LEVEL = "-Onone";
				TARGETED_DEVICE_FAMILY = "1,2";
			};
			name = Debug;
		};
		3C9AB94D1AC0599B0031FA97 /* Release */ = {
			isa = XCBuildConfiguration;
			buildSettings = {
				ALWAYS_SEARCH_USER_PATHS = NO;
				CLANG_CXX_LANGUAGE_STANDARD = "gnu++0x";
				CLANG_CXX_LIBRARY = "libc++";
				CLANG_ENABLE_MODULES = YES;
				CLANG_ENABLE_OBJC_ARC = YES;
				CLANG_WARN_BOOL_CONVERSION = YES;
				CLANG_WARN_CONSTANT_CONVERSION = YES;
				CLANG_WARN_DIRECT_OBJC_ISA_USAGE = YES_ERROR;
				CLANG_WARN_EMPTY_BODY = YES;
				CLANG_WARN_ENUM_CONVERSION = YES;
				CLANG_WARN_INT_CONVERSION = YES;
				CLANG_WARN_OBJC_ROOT_CLASS = YES_ERROR;
				CLANG_WARN_UNREACHABLE_CODE = YES;
				CLANG_WARN__DUPLICATE_METHOD_MATCH = YES;
				"CODE_SIGN_IDENTITY[sdk=iphoneos*]" = "iPhone Developer";
				COPY_PHASE_STRIP = NO;
				ENABLE_NS_ASSERTIONS = NO;
				ENABLE_STRICT_OBJC_MSGSEND = YES;
				GCC_C_LANGUAGE_STANDARD = gnu99;
				GCC_WARN_64_TO_32_BIT_CONVERSION = YES;
				GCC_WARN_ABOUT_RETURN_TYPE = YES_ERROR;
				GCC_WARN_UNDECLARED_SELECTOR = YES;
				GCC_WARN_UNINITIALIZED_AUTOS = YES_AGGRESSIVE;
				GCC_WARN_UNUSED_FUNCTION = YES;
				GCC_WARN_UNUSED_VARIABLE = YES;
				IPHONEOS_DEPLOYMENT_TARGET = 8.2;
				MTL_ENABLE_DEBUG_INFO = NO;
				SDKROOT = iphoneos;
				TARGETED_DEVICE_FAMILY = "1,2";
				VALIDATE_PRODUCT = YES;
			};
			name = Release;
		};
		3C9AB94F1AC0599B0031FA97 /* Debug */ = {
			isa = XCBuildConfiguration;
			buildSettings = {
				ASSETCATALOG_COMPILER_APPICON_NAME = AppIcon;
				INFOPLIST_FILE = ZodiacTest2/Info.plist;
				LD_RUNPATH_SEARCH_PATHS = "$(inherited) @executable_path/Frameworks";
				PRODUCT_NAME = "$(TARGET_NAME)";
			};
			name = Debug;
		};
		3C9AB9501AC0599B0031FA97 /* Release */ = {
			isa = XCBuildConfiguration;
			buildSettings = {
				ASSETCATALOG_COMPILER_APPICON_NAME = AppIcon;
				INFOPLIST_FILE = ZodiacTest2/Info.plist;
				LD_RUNPATH_SEARCH_PATHS = "$(inherited) @executable_path/Frameworks";
				PRODUCT_NAME = "$(TARGET_NAME)";
			};
			name = Release;
		};
		3C9AB9521AC0599B0031FA97 /* Debug */ = {
			isa = XCBuildConfiguration;
			buildSettings = {
				BUNDLE_LOADER = "$(TEST_HOST)";
				FRAMEWORK_SEARCH_PATHS = (
					"$(SDKROOT)/Developer/Library/Frameworks",
					"$(inherited)",
				);
				GCC_PREPROCESSOR_DEFINITIONS = (
					"DEBUG=1",
					"$(inherited)",
				);
				INFOPLIST_FILE = ZodiacTest2Tests/Info.plist;
				LD_RUNPATH_SEARCH_PATHS = "$(inherited) @executable_path/Frameworks @loader_path/Frameworks";
				PRODUCT_NAME = "$(TARGET_NAME)";
				TEST_HOST = "$(BUILT_PRODUCTS_DIR)/ZodiacTest2.app/ZodiacTest2";
			};
			name = Debug;
		};
		3C9AB9531AC0599B0031FA97 /* Release */ = {
			isa = XCBuildConfiguration;
			buildSettings = {
				BUNDLE_LOADER = "$(TEST_HOST)";
				FRAMEWORK_SEARCH_PATHS = (
					"$(SDKROOT)/Developer/Library/Frameworks",
					"$(inherited)",
				);
				INFOPLIST_FILE = ZodiacTest2Tests/Info.plist;
				LD_RUNPATH_SEARCH_PATHS = "$(inherited) @executable_path/Frameworks @loader_path/Frameworks";
				PRODUCT_NAME = "$(TARGET_NAME)";
				TEST_HOST = "$(BUILT_PRODUCTS_DIR)/ZodiacTest2.app/ZodiacTest2";
			};
			name = Release;
		};
/* End XCBuildConfiguration section */

/* Begin XCConfigurationList section */
		3C9AB9271AC0599B0031FA97 /* Build configuration list for PBXProject "ZodiacTest2" */ = {
			isa = XCConfigurationList;
			buildConfigurations = (
				3C9AB94C1AC0599B0031FA97 /* Debug */,
				3C9AB94D1AC0599B0031FA97 /* Release */,
			);
			defaultConfigurationIsVisible = 0;
			defaultConfigurationName = Release;
		};
		3C9AB94E1AC0599B0031FA97 /* Build configuration list for PBXNativeTarget "ZodiacTest2" */ = {
			isa = XCConfigurationList;
			buildConfigurations = (
				3C9AB94F1AC0599B0031FA97 /* Debug */,
				3C9AB9501AC0599B0031FA97 /* Release */,
			);
			defaultConfigurationIsVisible = 0;
		};
		3C9AB9511AC0599B0031FA97 /* Build configuration list for PBXNativeTarget "ZodiacTest2Tests" */ = {
			isa = XCConfigurationList;
			buildConfigurations = (
				3C9AB9521AC0599B0031FA97 /* Debug */,
				3C9AB9531AC0599B0031FA97 /* Release */,
			);
			defaultConfigurationIsVisible = 0;
		};
/* End XCConfigurationList section */

/* Begin XCVersionGroup section */
		3C9AB9331AC0599B0031FA97 /* ZodiacTest2.xcdatamodeld */ = {
			isa = XCVersionGroup;
			children = (
				3C9AB9341AC0599B0031FA97 /* ZodiacTest2.xcdatamodel */,
			);
			currentVersion = 3C9AB9341AC0599B0031FA97 /* ZodiacTest2.xcdatamodel */;
			path = ZodiacTest2.xcdatamodeld;
			sourceTree = "<group>";
			versionGroupType = wrapper.xcdatamodel;
		};
/* End XCVersionGroup section */
	};
	rootObject = 3C9AB9241AC0599B0031FA97 /* Project object */;
}
