// !$*UTF8*$!
{
	archiveVersion = 1;
	classes = {
	};
	objectVersion = 46;
	objects = {

/* Begin PBXBuildFile section */
		3C4465EC1A9BFC930018D831 /* AppDelegate.swift in Sources */ = {isa = PBXBuildFile; fileRef = 3C4465EB1A9BFC930018D831 /* AppDelegate.swift */; };
		3C4465EE1A9BFC930018D831 /* ViewController.swift in Sources */ = {isa = PBXBuildFile; fileRef = 3C4465ED1A9BFC930018D831 /* ViewController.swift */; };
		3C4465F11A9BFC930018D831 /* Main.storyboard in Resources */ = {isa = PBXBuildFile; fileRef = 3C4465EF1A9BFC930018D831 /* Main.storyboard */; };
		3C4465F31A9BFC930018D831 /* Images.xcassets in Resources */ = {isa = PBXBuildFile; fileRef = 3C4465F21A9BFC930018D831 /* Images.xcassets */; };
		3C4465F61A9BFC930018D831 /* LaunchScreen.xib in Resources */ = {isa = PBXBuildFile; fileRef = 3C4465F41A9BFC930018D831 /* LaunchScreen.xib */; };
		3C4466021A9BFC930018D831 /* DataPersistence_MH_2_23Tests.swift in Sources */ = {isa = PBXBuildFile; fileRef = 3C4466011A9BFC930018D831 /* DataPersistence_MH_2_23Tests.swift */; };
		3C44663A1A9C0EAB0018D831 /* Books.plist in Resources */ = {isa = PBXBuildFile; fileRef = 3C4466391A9C0EAB0018D831 /* Books.plist */; };
/* End PBXBuildFile section */

/* Begin PBXContainerItemProxy section */
		3C4465FC1A9BFC930018D831 /* PBXContainerItemProxy */ = {
			isa = PBXContainerItemProxy;
			containerPortal = 3C4465DE1A9BFC930018D831 /* Project object */;
			proxyType = 1;
			remoteGlobalIDString = 3C4465E51A9BFC930018D831;
			remoteInfo = "DataPersistence MH 2-23";
		};
/* End PBXContainerItemProxy section */

/* Begin PBXFileReference section */
		3C4465E61A9BFC930018D831 /* DataPersistence MH 2-23.app */ = {isa = PBXFileReference; explicitFileType = wrapper.application; includeInIndex = 0; path = "DataPersistence MH 2-23.app"; sourceTree = BUILT_PRODUCTS_DIR; };
		3C4465EA1A9BFC930018D831 /* Info.plist */ = {isa = PBXFileReference; lastKnownFileType = text.plist.xml; path = Info.plist; sourceTree = "<group>"; };
		3C4465EB1A9BFC930018D831 /* AppDelegate.swift */ = {isa = PBXFileReference; lastKnownFileType = sourcecode.swift; path = AppDelegate.swift; sourceTree = "<group>"; };
		3C4465ED1A9BFC930018D831 /* ViewController.swift */ = {isa = PBXFileReference; lastKnownFileType = sourcecode.swift; path = ViewController.swift; sourceTree = "<group>"; };
		3C4465F01A9BFC930018D831 /* Base */ = {isa = PBXFileReference; lastKnownFileType = file.storyboard; name = Base; path = Base.lproj/Main.storyboard; sourceTree = "<group>"; };
		3C4465F21A9BFC930018D831 /* Images.xcassets */ = {isa = PBXFileReference; lastKnownFileType = folder.assetcatalog; path = Images.xcassets; sourceTree = "<group>"; };
		3C4465F51A9BFC930018D831 /* Base */ = {isa = PBXFileReference; lastKnownFileType = file.xib; name = Base; path = Base.lproj/LaunchScreen.xib; sourceTree = "<group>"; };
		3C4465FB1A9BFC930018D831 /* DataPersistence MH 2-23Tests.xctest */ = {isa = PBXFileReference; explicitFileType = wrapper.cfbundle; includeInIndex = 0; path = "DataPersistence MH 2-23Tests.xctest"; sourceTree = BUILT_PRODUCTS_DIR; };
		3C4466001A9BFC930018D831 /* Info.plist */ = {isa = PBXFileReference; lastKnownFileType = text.plist.xml; path = Info.plist; sourceTree = "<group>"; };
		3C4466011A9BFC930018D831 /* DataPersistence_MH_2_23Tests.swift */ = {isa = PBXFileReference; lastKnownFileType = sourcecode.swift; path = DataPersistence_MH_2_23Tests.swift; sourceTree = "<group>"; };
		3C4466391A9C0EAB0018D831 /* Books.plist */ = {isa = PBXFileReference; fileEncoding = 4; lastKnownFileType = text.plist.xml; path = Books.plist; sourceTree = "<group>"; };
/* End PBXFileReference section */

/* Begin PBXFrameworksBuildPhase section */
		3C4465E31A9BFC930018D831 /* Frameworks */ = {
			isa = PBXFrameworksBuildPhase;
			buildActionMask = 2147483647;
			files = (
			);
			runOnlyForDeploymentPostprocessing = 0;
		};
		3C4465F81A9BFC930018D831 /* Frameworks */ = {
			isa = PBXFrameworksBuildPhase;
			buildActionMask = 2147483647;
			files = (
			);
			runOnlyForDeploymentPostprocessing = 0;
		};
/* End PBXFrameworksBuildPhase section */

/* Begin PBXGroup section */
		3C4465DD1A9BFC930018D831 = {
			isa = PBXGroup;
			children = (
				3C4465E81A9BFC930018D831 /* DataPersistence MH 2-23 */,
				3C4465FE1A9BFC930018D831 /* DataPersistence MH 2-23Tests */,
				3C4465E71A9BFC930018D831 /* Products */,
			);
			sourceTree = "<group>";
		};
		3C4465E71A9BFC930018D831 /* Products */ = {
			isa = PBXGroup;
			children = (
				3C4465E61A9BFC930018D831 /* DataPersistence MH 2-23.app */,
				3C4465FB1A9BFC930018D831 /* DataPersistence MH 2-23Tests.xctest */,
			);
			name = Products;
			sourceTree = "<group>";
		};
		3C4465E81A9BFC930018D831 /* DataPersistence MH 2-23 */ = {
			isa = PBXGroup;
			children = (
				3C4465EB1A9BFC930018D831 /* AppDelegate.swift */,
				3C4465ED1A9BFC930018D831 /* ViewController.swift */,
				3C4465EF1A9BFC930018D831 /* Main.storyboard */,
				3C4465F21A9BFC930018D831 /* Images.xcassets */,
				3C4465F41A9BFC930018D831 /* LaunchScreen.xib */,
				3C4465E91A9BFC930018D831 /* Supporting Files */,
			);
			path = "DataPersistence MH 2-23";
			sourceTree = "<group>";
		};
		3C4465E91A9BFC930018D831 /* Supporting Files */ = {
			isa = PBXGroup;
			children = (
				3C4465EA1A9BFC930018D831 /* Info.plist */,
				3C4466391A9C0EAB0018D831 /* Books.plist */,
			);
			name = "Supporting Files";
			sourceTree = "<group>";
		};
		3C4465FE1A9BFC930018D831 /* DataPersistence MH 2-23Tests */ = {
			isa = PBXGroup;
			children = (
				3C4466011A9BFC930018D831 /* DataPersistence_MH_2_23Tests.swift */,
				3C4465FF1A9BFC930018D831 /* Supporting Files */,
			);
			path = "DataPersistence MH 2-23Tests";
			sourceTree = "<group>";
		};
		3C4465FF1A9BFC930018D831 /* Supporting Files */ = {
			isa = PBXGroup;
			children = (
				3C4466001A9BFC930018D831 /* Info.plist */,
			);
			name = "Supporting Files";
			sourceTree = "<group>";
		};
/* End PBXGroup section */

/* Begin PBXNativeTarget section */
		3C4465E51A9BFC930018D831 /* DataPersistence MH 2-23 */ = {
			isa = PBXNativeTarget;
			buildConfigurationList = 3C4466051A9BFC930018D831 /* Build configuration list for PBXNativeTarget "DataPersistence MH 2-23" */;
			buildPhases = (
				3C4465E21A9BFC930018D831 /* Sources */,
				3C4465E31A9BFC930018D831 /* Frameworks */,
				3C4465E41A9BFC930018D831 /* Resources */,
			);
			buildRules = (
			);
			dependencies = (
			);
			name = "DataPersistence MH 2-23";
			productName = "DataPersistence MH 2-23";
			productReference = 3C4465E61A9BFC930018D831 /* DataPersistence MH 2-23.app */;
			productType = "com.apple.product-type.application";
		};
		3C4465FA1A9BFC930018D831 /* DataPersistence MH 2-23Tests */ = {
			isa = PBXNativeTarget;
			buildConfigurationList = 3C4466081A9BFC930018D831 /* Build configuration list for PBXNativeTarget "DataPersistence MH 2-23Tests" */;
			buildPhases = (
				3C4465F71A9BFC930018D831 /* Sources */,
				3C4465F81A9BFC930018D831 /* Frameworks */,
				3C4465F91A9BFC930018D831 /* Resources */,
			);
			buildRules = (
			);
			dependencies = (
				3C4465FD1A9BFC930018D831 /* PBXTargetDependency */,
			);
			name = "DataPersistence MH 2-23Tests";
			productName = "DataPersistence MH 2-23Tests";
			productReference = 3C4465FB1A9BFC930018D831 /* DataPersistence MH 2-23Tests.xctest */;
			productType = "com.apple.product-type.bundle.unit-test";
		};
/* End PBXNativeTarget section */

/* Begin PBXProject section */
		3C4465DE1A9BFC930018D831 /* Project object */ = {
			isa = PBXProject;
			attributes = {
				LastUpgradeCheck = 0610;
				ORGANIZATIONNAME = "Monica He";
				TargetAttributes = {
					3C4465E51A9BFC930018D831 = {
						CreatedOnToolsVersion = 6.1.1;
					};
					3C4465FA1A9BFC930018D831 = {
						CreatedOnToolsVersion = 6.1.1;
						TestTargetID = 3C4465E51A9BFC930018D831;
					};
				};
			};
			buildConfigurationList = 3C4465E11A9BFC930018D831 /* Build configuration list for PBXProject "DataPersistence MH 2-23" */;
			compatibilityVersion = "Xcode 3.2";
			developmentRegion = English;
			hasScannedForEncodings = 0;
			knownRegions = (
				en,
				Base,
			);
			mainGroup = 3C4465DD1A9BFC930018D831;
			productRefGroup = 3C4465E71A9BFC930018D831 /* Products */;
			projectDirPath = "";
			projectRoot = "";
			targets = (
				3C4465E51A9BFC930018D831 /* DataPersistence MH 2-23 */,
				3C4465FA1A9BFC930018D831 /* DataPersistence MH 2-23Tests */,
			);
		};
/* End PBXProject section */

/* Begin PBXResourcesBuildPhase section */
		3C4465E41A9BFC930018D831 /* Resources */ = {
			isa = PBXResourcesBuildPhase;
			buildActionMask = 2147483647;
			files = (
				3C4465F11A9BFC930018D831 /* Main.storyboard in Resources */,
				3C4465F61A9BFC930018D831 /* LaunchScreen.xib in Resources */,
				3C4465F31A9BFC930018D831 /* Images.xcassets in Resources */,
				3C44663A1A9C0EAB0018D831 /* Books.plist in Resources */,
			);
			runOnlyForDeploymentPostprocessing = 0;
		};
		3C4465F91A9BFC930018D831 /* Resources */ = {
			isa = PBXResourcesBuildPhase;
			buildActionMask = 2147483647;
			files = (
			);
			runOnlyForDeploymentPostprocessing = 0;
		};
/* End PBXResourcesBuildPhase section */

/* Begin PBXSourcesBuildPhase section */
		3C4465E21A9BFC930018D831 /* Sources */ = {
			isa = PBXSourcesBuildPhase;
			buildActionMask = 2147483647;
			files = (
				3C4465EE1A9BFC930018D831 /* ViewController.swift in Sources */,
				3C4465EC1A9BFC930018D831 /* AppDelegate.swift in Sources */,
			);
			runOnlyForDeploymentPostprocessing = 0;
		};
		3C4465F71A9BFC930018D831 /* Sources */ = {
			isa = PBXSourcesBuildPhase;
			buildActionMask = 2147483647;
			files = (
				3C4466021A9BFC930018D831 /* DataPersistence_MH_2_23Tests.swift in Sources */,
			);
			runOnlyForDeploymentPostprocessing = 0;
		};
/* End PBXSourcesBuildPhase section */

/* Begin PBXTargetDependency section */
		3C4465FD1A9BFC930018D831 /* PBXTargetDependency */ = {
			isa = PBXTargetDependency;
			target = 3C4465E51A9BFC930018D831 /* DataPersistence MH 2-23 */;
			targetProxy = 3C4465FC1A9BFC930018D831 /* PBXContainerItemProxy */;
		};
/* End PBXTargetDependency section */

/* Begin PBXVariantGroup section */
		3C4465EF1A9BFC930018D831 /* Main.storyboard */ = {
			isa = PBXVariantGroup;
			children = (
				3C4465F01A9BFC930018D831 /* Base */,
			);
			name = Main.storyboard;
			sourceTree = "<group>";
		};
		3C4465F41A9BFC930018D831 /* LaunchScreen.xib */ = {
			isa = PBXVariantGroup;
			children = (
				3C4465F51A9BFC930018D831 /* Base */,
			);
			name = LaunchScreen.xib;
			sourceTree = "<group>";
		};
/* End PBXVariantGroup section */

/* Begin XCBuildConfiguration section */
		3C4466031A9BFC930018D831 /* Debug */ = {
			isa = XCBuildConfiguration;
			buildSettings = {
				ALWAYS_SEARCH_USER_PATHS = NO;
				CLANG_CXX_LANGUAGE_STANDARD = "gnu++0x";
				CLANG_CXX_LIBRARY = "libc++";
				CLANG_ENABLE_MODULES = YES;
				CLANG_ENABLE_OBJC_ARC = YES;
				CLANG_WARN_BOOL_CONVERSION = YES;
				CLANG_WARN_CONSTANT_CONVERSION = YES;
				CLANG_WARN_DIRECT_OBJC_ISA_USAGE = YES_ERROR;
				CLANG_WARN_EMPTY_BODY = YES;
				CLANG_WARN_ENUM_CONVERSION = YES;
				CLANG_WARN_INT_CONVERSION = YES;
				CLANG_WARN_OBJC_ROOT_CLASS = YES_ERROR;
				CLANG_WARN_UNREACHABLE_CODE = YES;
				CLANG_WARN__DUPLICATE_METHOD_MATCH = YES;
				"CODE_SIGN_IDENTITY[sdk=iphoneos*]" = "iPhone Developer";
				COPY_PHASE_STRIP = NO;
				ENABLE_STRICT_OBJC_MSGSEND = YES;
				GCC_C_LANGUAGE_STANDARD = gnu99;
				GCC_DYNAMIC_NO_PIC = NO;
				GCC_OPTIMIZATION_LEVEL = 0;
				GCC_PREPROCESSOR_DEFINITIONS = (
					"DEBUG=1",
					"$(inherited)",
				);
				GCC_SYMBOLS_PRIVATE_EXTERN = NO;
				GCC_WARN_64_TO_32_BIT_CONVERSION = YES;
				GCC_WARN_ABOUT_RETURN_TYPE = YES_ERROR;
				GCC_WARN_UNDECLARED_SELECTOR = YES;
				GCC_WARN_UNINITIALIZED_AUTOS = YES_AGGRESSIVE;
				GCC_WARN_UNUSED_FUNCTION = YES;
				GCC_WARN_UNUSED_VARIABLE = YES;
				IPHONEOS_DEPLOYMENT_TARGET = 8.1;
				MTL_ENABLE_DEBUG_INFO = YES;
				ONLY_ACTIVE_ARCH = YES;
				SDKROOT = iphoneos;
				SWIFT_OPTIMIZATION_LEVEL = "-Onone";
				TARGETED_DEVICE_FAMILY = "1,2";
			};
			name = Debug;
		};
		3C4466041A9BFC930018D831 /* Release */ = {
			isa = XCBuildConfiguration;
			buildSettings = {
				ALWAYS_SEARCH_USER_PATHS = NO;
				CLANG_CXX_LANGUAGE_STANDARD = "gnu++0x";
				CLANG_CXX_LIBRARY = "libc++";
				CLANG_ENABLE_MODULES = YES;
				CLANG_ENABLE_OBJC_ARC = YES;
				CLANG_WARN_BOOL_CONVERSION = YES;
				CLANG_WARN_CONSTANT_CONVERSION = YES;
				CLANG_WARN_DIRECT_OBJC_ISA_USAGE = YES_ERROR;
				CLANG_WARN_EMPTY_BODY = YES;
				CLANG_WARN_ENUM_CONVERSION = YES;
				CLANG_WARN_INT_CONVERSION = YES;
				CLANG_WARN_OBJC_ROOT_CLASS = YES_ERROR;
				CLANG_WARN_UNREACHABLE_CODE = YES;
				CLANG_WARN__DUPLICATE_METHOD_MATCH = YES;
				"CODE_SIGN_IDENTITY[sdk=iphoneos*]" = "iPhone Developer";
				COPY_PHASE_STRIP = YES;
				ENABLE_NS_ASSERTIONS = NO;
				ENABLE_STRICT_OBJC_MSGSEND = YES;
				GCC_C_LANGUAGE_STANDARD = gnu99;
				GCC_WARN_64_TO_32_BIT_CONVERSION = YES;
				GCC_WARN_ABOUT_RETURN_TYPE = YES_ERROR;
				GCC_WARN_UNDECLARED_SELECTOR = YES;
				GCC_WARN_UNINITIALIZED_AUTOS = YES_AGGRESSIVE;
				GCC_WARN_UNUSED_FUNCTION = YES;
				GCC_WARN_UNUSED_VARIABLE = YES;
				IPHONEOS_DEPLOYMENT_TARGET = 8.1;
				MTL_ENABLE_DEBUG_INFO = NO;
				SDKROOT = iphoneos;
				TARGETED_DEVICE_FAMILY = "1,2";
				VALIDATE_PRODUCT = YES;
			};
			name = Release;
		};
		3C4466061A9BFC930018D831 /* Debug */ = {
			isa = XCBuildConfiguration;
			buildSettings = {
				ASSETCATALOG_COMPILER_APPICON_NAME = AppIcon;
				INFOPLIST_FILE = "DataPersistence MH 2-23/Info.plist";
				LD_RUNPATH_SEARCH_PATHS = "$(inherited) @executable_path/Frameworks";
				PRODUCT_NAME = "$(TARGET_NAME)";
			};
			name = Debug;
		};
		3C4466071A9BFC930018D831 /* Release */ = {
			isa = XCBuildConfiguration;
			buildSettings = {
				ASSETCATALOG_COMPILER_APPICON_NAME = AppIcon;
				INFOPLIST_FILE = "DataPersistence MH 2-23/Info.plist";
				LD_RUNPATH_SEARCH_PATHS = "$(inherited) @executable_path/Frameworks";
				PRODUCT_NAME = "$(TARGET_NAME)";
			};
			name = Release;
		};
		3C4466091A9BFC930018D831 /* Debug */ = {
			isa = XCBuildConfiguration;
			buildSettings = {
				BUNDLE_LOADER = "$(TEST_HOST)";
				FRAMEWORK_SEARCH_PATHS = (
					"$(SDKROOT)/Developer/Library/Frameworks",
					"$(inherited)",
				);
				GCC_PREPROCESSOR_DEFINITIONS = (
					"DEBUG=1",
					"$(inherited)",
				);
				INFOPLIST_FILE = "DataPersistence MH 2-23Tests/Info.plist";
				LD_RUNPATH_SEARCH_PATHS = "$(inherited) @executable_path/Frameworks @loader_path/Frameworks";
				PRODUCT_NAME = "$(TARGET_NAME)";
				TEST_HOST = "$(BUILT_PRODUCTS_DIR)/DataPersistence MH 2-23.app/DataPersistence MH 2-23";
			};
			name = Debug;
		};
		3C44660A1A9BFC930018D831 /* Release */ = {
			isa = XCBuildConfiguration;
			buildSettings = {
				BUNDLE_LOADER = "$(TEST_HOST)";
				FRAMEWORK_SEARCH_PATHS = (
					"$(SDKROOT)/Developer/Library/Frameworks",
					"$(inherited)",
				);
				INFOPLIST_FILE = "DataPersistence MH 2-23Tests/Info.plist";
				LD_RUNPATH_SEARCH_PATHS = "$(inherited) @executable_path/Frameworks @loader_path/Frameworks";
				PRODUCT_NAME = "$(TARGET_NAME)";
				TEST_HOST = "$(BUILT_PRODUCTS_DIR)/DataPersistence MH 2-23.app/DataPersistence MH 2-23";
			};
			name = Release;
		};
/* End XCBuildConfiguration section */

/* Begin XCConfigurationList section */
		3C4465E11A9BFC930018D831 /* Build configuration list for PBXProject "DataPersistence MH 2-23" */ = {
			isa = XCConfigurationList;
			buildConfigurations = (
				3C4466031A9BFC930018D831 /* Debug */,
				3C4466041A9BFC930018D831 /* Release */,
			);
			defaultConfigurationIsVisible = 0;
			defaultConfigurationName = Release;
		};
		3C4466051A9BFC930018D831 /* Build configuration list for PBXNativeTarget "DataPersistence MH 2-23" */ = {
			isa = XCConfigurationList;
			buildConfigurations = (
				3C4466061A9BFC930018D831 /* Debug */,
				3C4466071A9BFC930018D831 /* Release */,
			);
			defaultConfigurationIsVisible = 0;
		};
		3C4466081A9BFC930018D831 /* Build configuration list for PBXNativeTarget "DataPersistence MH 2-23Tests" */ = {
			isa = XCConfigurationList;
			buildConfigurations = (
				3C4466091A9BFC930018D831 /* Debug */,
				3C44660A1A9BFC930018D831 /* Release */,
			);
			defaultConfigurationIsVisible = 0;
		};
/* End XCConfigurationList section */
	};
	rootObject = 3C4465DE1A9BFC930018D831 /* Project object */;
}
