// !$*UTF8*$!
{
	archiveVersion = 1;
	classes = {
	};
	objectVersion = 46;
	objects = {

/* Begin PBXBuildFile section */
		3C0E3B2C1A95784400393A2A /* AppDelegate.swift in Sources */ = {isa = PBXBuildFile; fileRef = 3C0E3B2B1A95784400393A2A /* AppDelegate.swift */; };
		3C0E3B2E1A95784400393A2A /* ViewController.swift in Sources */ = {isa = PBXBuildFile; fileRef = 3C0E3B2D1A95784400393A2A /* ViewController.swift */; };
		3C0E3B311A95784400393A2A /* Main.storyboard in Resources */ = {isa = PBXBuildFile; fileRef = 3C0E3B2F1A95784400393A2A /* Main.storyboard */; };
		3C0E3B331A95784400393A2A /* Images.xcassets in Resources */ = {isa = PBXBuildFile; fileRef = 3C0E3B321A95784400393A2A /* Images.xcassets */; };
		3C0E3B361A95784400393A2A /* LaunchScreen.xib in Resources */ = {isa = PBXBuildFile; fileRef = 3C0E3B341A95784400393A2A /* LaunchScreen.xib */; };
		3C0E3B421A95784400393A2A /* Hangman_Project_MHTests.swift in Sources */ = {isa = PBXBuildFile; fileRef = 3C0E3B411A95784400393A2A /* Hangman_Project_MHTests.swift */; };
/* End PBXBuildFile section */

/* Begin PBXContainerItemProxy section */
		3C0E3B3C1A95784400393A2A /* PBXContainerItemProxy */ = {
			isa = PBXContainerItemProxy;
			containerPortal = 3C0E3B1E1A95784400393A2A /* Project object */;
			proxyType = 1;
			remoteGlobalIDString = 3C0E3B251A95784400393A2A;
			remoteInfo = "Hangman Project MH";
		};
/* End PBXContainerItemProxy section */

/* Begin PBXFileReference section */
		3C0E3B261A95784400393A2A /* Hangman Project MH.app */ = {isa = PBXFileReference; explicitFileType = wrapper.application; includeInIndex = 0; path = "Hangman Project MH.app"; sourceTree = BUILT_PRODUCTS_DIR; };
		3C0E3B2A1A95784400393A2A /* Info.plist */ = {isa = PBXFileReference; lastKnownFileType = text.plist.xml; path = Info.plist; sourceTree = "<group>"; };
		3C0E3B2B1A95784400393A2A /* AppDelegate.swift */ = {isa = PBXFileReference; lastKnownFileType = sourcecode.swift; path = AppDelegate.swift; sourceTree = "<group>"; };
		3C0E3B2D1A95784400393A2A /* ViewController.swift */ = {isa = PBXFileReference; lastKnownFileType = sourcecode.swift; path = ViewController.swift; sourceTree = "<group>"; };
		3C0E3B301A95784400393A2A /* Base */ = {isa = PBXFileReference; lastKnownFileType = file.storyboard; name = Base; path = Base.lproj/Main.storyboard; sourceTree = "<group>"; };
		3C0E3B321A95784400393A2A /* Images.xcassets */ = {isa = PBXFileReference; lastKnownFileType = folder.assetcatalog; path = Images.xcassets; sourceTree = "<group>"; };
		3C0E3B351A95784400393A2A /* Base */ = {isa = PBXFileReference; lastKnownFileType = file.xib; name = Base; path = Base.lproj/LaunchScreen.xib; sourceTree = "<group>"; };
		3C0E3B3B1A95784400393A2A /* Hangman Project MHTests.xctest */ = {isa = PBXFileReference; explicitFileType = wrapper.cfbundle; includeInIndex = 0; path = "Hangman Project MHTests.xctest"; sourceTree = BUILT_PRODUCTS_DIR; };
		3C0E3B401A95784400393A2A /* Info.plist */ = {isa = PBXFileReference; lastKnownFileType = text.plist.xml; path = Info.plist; sourceTree = "<group>"; };
		3C0E3B411A95784400393A2A /* Hangman_Project_MHTests.swift */ = {isa = PBXFileReference; lastKnownFileType = sourcecode.swift; path = Hangman_Project_MHTests.swift; sourceTree = "<group>"; };
/* End PBXFileReference section */

/* Begin PBXFrameworksBuildPhase section */
		3C0E3B231A95784400393A2A /* Frameworks */ = {
			isa = PBXFrameworksBuildPhase;
			buildActionMask = 2147483647;
			files = (
			);
			runOnlyForDeploymentPostprocessing = 0;
		};
		3C0E3B381A95784400393A2A /* Frameworks */ = {
			isa = PBXFrameworksBuildPhase;
			buildActionMask = 2147483647;
			files = (
			);
			runOnlyForDeploymentPostprocessing = 0;
		};
/* End PBXFrameworksBuildPhase section */

/* Begin PBXGroup section */
		3C0E3B1D1A95784400393A2A = {
			isa = PBXGroup;
			children = (
				3C0E3B281A95784400393A2A /* Hangman Project MH */,
				3C0E3B3E1A95784400393A2A /* Hangman Project MHTests */,
				3C0E3B271A95784400393A2A /* Products */,
			);
			sourceTree = "<group>";
		};
		3C0E3B271A95784400393A2A /* Products */ = {
			isa = PBXGroup;
			children = (
				3C0E3B261A95784400393A2A /* Hangman Project MH.app */,
				3C0E3B3B1A95784400393A2A /* Hangman Project MHTests.xctest */,
			);
			name = Products;
			sourceTree = "<group>";
		};
		3C0E3B281A95784400393A2A /* Hangman Project MH */ = {
			isa = PBXGroup;
			children = (
				3C0E3B2B1A95784400393A2A /* AppDelegate.swift */,
				3C0E3B2D1A95784400393A2A /* ViewController.swift */,
				3C0E3B2F1A95784400393A2A /* Main.storyboard */,
				3C0E3B321A95784400393A2A /* Images.xcassets */,
				3C0E3B341A95784400393A2A /* LaunchScreen.xib */,
				3C0E3B291A95784400393A2A /* Supporting Files */,
			);
			path = "Hangman Project MH";
			sourceTree = "<group>";
		};
		3C0E3B291A95784400393A2A /* Supporting Files */ = {
			isa = PBXGroup;
			children = (
				3C0E3B2A1A95784400393A2A /* Info.plist */,
			);
			name = "Supporting Files";
			sourceTree = "<group>";
		};
		3C0E3B3E1A95784400393A2A /* Hangman Project MHTests */ = {
			isa = PBXGroup;
			children = (
				3C0E3B411A95784400393A2A /* Hangman_Project_MHTests.swift */,
				3C0E3B3F1A95784400393A2A /* Supporting Files */,
			);
			path = "Hangman Project MHTests";
			sourceTree = "<group>";
		};
		3C0E3B3F1A95784400393A2A /* Supporting Files */ = {
			isa = PBXGroup;
			children = (
				3C0E3B401A95784400393A2A /* Info.plist */,
			);
			name = "Supporting Files";
			sourceTree = "<group>";
		};
/* End PBXGroup section */

/* Begin PBXNativeTarget section */
		3C0E3B251A95784400393A2A /* Hangman Project MH */ = {
			isa = PBXNativeTarget;
			buildConfigurationList = 3C0E3B451A95784400393A2A /* Build configuration list for PBXNativeTarget "Hangman Project MH" */;
			buildPhases = (
				3C0E3B221A95784400393A2A /* Sources */,
				3C0E3B231A95784400393A2A /* Frameworks */,
				3C0E3B241A95784400393A2A /* Resources */,
			);
			buildRules = (
			);
			dependencies = (
			);
			name = "Hangman Project MH";
			productName = "Hangman Project MH";
			productReference = 3C0E3B261A95784400393A2A /* Hangman Project MH.app */;
			productType = "com.apple.product-type.application";
		};
		3C0E3B3A1A95784400393A2A /* Hangman Project MHTests */ = {
			isa = PBXNativeTarget;
			buildConfigurationList = 3C0E3B481A95784400393A2A /* Build configuration list for PBXNativeTarget "Hangman Project MHTests" */;
			buildPhases = (
				3C0E3B371A95784400393A2A /* Sources */,
				3C0E3B381A95784400393A2A /* Frameworks */,
				3C0E3B391A95784400393A2A /* Resources */,
			);
			buildRules = (
			);
			dependencies = (
				3C0E3B3D1A95784400393A2A /* PBXTargetDependency */,
			);
			name = "Hangman Project MHTests";
			productName = "Hangman Project MHTests";
			productReference = 3C0E3B3B1A95784400393A2A /* Hangman Project MHTests.xctest */;
			productType = "com.apple.product-type.bundle.unit-test";
		};
/* End PBXNativeTarget section */

/* Begin PBXProject section */
		3C0E3B1E1A95784400393A2A /* Project object */ = {
			isa = PBXProject;
			attributes = {
				LastUpgradeCheck = 0610;
				ORGANIZATIONNAME = "Monica He";
				TargetAttributes = {
					3C0E3B251A95784400393A2A = {
						CreatedOnToolsVersion = 6.1.1;
					};
					3C0E3B3A1A95784400393A2A = {
						CreatedOnToolsVersion = 6.1.1;
						TestTargetID = 3C0E3B251A95784400393A2A;
					};
				};
			};
			buildConfigurationList = 3C0E3B211A95784400393A2A /* Build configuration list for PBXProject "Hangman Project MH" */;
			compatibilityVersion = "Xcode 3.2";
			developmentRegion = English;
			hasScannedForEncodings = 0;
			knownRegions = (
				en,
				Base,
			);
			mainGroup = 3C0E3B1D1A95784400393A2A;
			productRefGroup = 3C0E3B271A95784400393A2A /* Products */;
			projectDirPath = "";
			projectRoot = "";
			targets = (
				3C0E3B251A95784400393A2A /* Hangman Project MH */,
				3C0E3B3A1A95784400393A2A /* Hangman Project MHTests */,
			);
		};
/* End PBXProject section */

/* Begin PBXResourcesBuildPhase section */
		3C0E3B241A95784400393A2A /* Resources */ = {
			isa = PBXResourcesBuildPhase;
			buildActionMask = 2147483647;
			files = (
				3C0E3B311A95784400393A2A /* Main.storyboard in Resources */,
				3C0E3B361A95784400393A2A /* LaunchScreen.xib in Resources */,
				3C0E3B331A95784400393A2A /* Images.xcassets in Resources */,
			);
			runOnlyForDeploymentPostprocessing = 0;
		};
		3C0E3B391A95784400393A2A /* Resources */ = {
			isa = PBXResourcesBuildPhase;
			buildActionMask = 2147483647;
			files = (
			);
			runOnlyForDeploymentPostprocessing = 0;
		};
/* End PBXResourcesBuildPhase section */

/* Begin PBXSourcesBuildPhase section */
		3C0E3B221A95784400393A2A /* Sources */ = {
			isa = PBXSourcesBuildPhase;
			buildActionMask = 2147483647;
			files = (
				3C0E3B2E1A95784400393A2A /* ViewController.swift in Sources */,
				3C0E3B2C1A95784400393A2A /* AppDelegate.swift in Sources */,
			);
			runOnlyForDeploymentPostprocessing = 0;
		};
		3C0E3B371A95784400393A2A /* Sources */ = {
			isa = PBXSourcesBuildPhase;
			buildActionMask = 2147483647;
			files = (
				3C0E3B421A95784400393A2A /* Hangman_Project_MHTests.swift in Sources */,
			);
			runOnlyForDeploymentPostprocessing = 0;
		};
/* End PBXSourcesBuildPhase section */

/* Begin PBXTargetDependency section */
		3C0E3B3D1A95784400393A2A /* PBXTargetDependency */ = {
			isa = PBXTargetDependency;
			target = 3C0E3B251A95784400393A2A /* Hangman Project MH */;
			targetProxy = 3C0E3B3C1A95784400393A2A /* PBXContainerItemProxy */;
		};
/* End PBXTargetDependency section */

/* Begin PBXVariantGroup section */
		3C0E3B2F1A95784400393A2A /* Main.storyboard */ = {
			isa = PBXVariantGroup;
			children = (
				3C0E3B301A95784400393A2A /* Base */,
			);
			name = Main.storyboard;
			sourceTree = "<group>";
		};
		3C0E3B341A95784400393A2A /* LaunchScreen.xib */ = {
			isa = PBXVariantGroup;
			children = (
				3C0E3B351A95784400393A2A /* Base */,
			);
			name = LaunchScreen.xib;
			sourceTree = "<group>";
		};
/* End PBXVariantGroup section */

/* Begin XCBuildConfiguration section */
		3C0E3B431A95784400393A2A /* Debug */ = {
			isa = XCBuildConfiguration;
			buildSettings = {
				ALWAYS_SEARCH_USER_PATHS = NO;
				CLANG_CXX_LANGUAGE_STANDARD = "gnu++0x";
				CLANG_CXX_LIBRARY = "libc++";
				CLANG_ENABLE_MODULES = YES;
				CLANG_ENABLE_OBJC_ARC = YES;
				CLANG_WARN_BOOL_CONVERSION = YES;
				CLANG_WARN_CONSTANT_CONVERSION = YES;
				CLANG_WARN_DIRECT_OBJC_ISA_USAGE = YES_ERROR;
				CLANG_WARN_EMPTY_BODY = YES;
				CLANG_WARN_ENUM_CONVERSION = YES;
				CLANG_WARN_INT_CONVERSION = YES;
				CLANG_WARN_OBJC_ROOT_CLASS = YES_ERROR;
				CLANG_WARN_UNREACHABLE_CODE = YES;
				CLANG_WARN__DUPLICATE_METHOD_MATCH = YES;
				"CODE_SIGN_IDENTITY[sdk=iphoneos*]" = "iPhone Developer";
				COPY_PHASE_STRIP = NO;
				ENABLE_STRICT_OBJC_MSGSEND = YES;
				GCC_C_LANGUAGE_STANDARD = gnu99;
				GCC_DYNAMIC_NO_PIC = NO;
				GCC_OPTIMIZATION_LEVEL = 0;
				GCC_PREPROCESSOR_DEFINITIONS = (
					"DEBUG=1",
					"$(inherited)",
				);
				GCC_SYMBOLS_PRIVATE_EXTERN = NO;
				GCC_WARN_64_TO_32_BIT_CONVERSION = YES;
				GCC_WARN_ABOUT_RETURN_TYPE = YES_ERROR;
				GCC_WARN_UNDECLARED_SELECTOR = YES;
				GCC_WARN_UNINITIALIZED_AUTOS = YES_AGGRESSIVE;
				GCC_WARN_UNUSED_FUNCTION = YES;
				GCC_WARN_UNUSED_VARIABLE = YES;
				IPHONEOS_DEPLOYMENT_TARGET = 8.1;
				MTL_ENABLE_DEBUG_INFO = YES;
				ONLY_ACTIVE_ARCH = YES;
				SDKROOT = iphoneos;
				SWIFT_OPTIMIZATION_LEVEL = "-Onone";
				TARGETED_DEVICE_FAMILY = "1,2";
			};
			name = Debug;
		};
		3C0E3B441A95784400393A2A /* Release */ = {
			isa = XCBuildConfiguration;
			buildSettings = {
				ALWAYS_SEARCH_USER_PATHS = NO;
				CLANG_CXX_LANGUAGE_STANDARD = "gnu++0x";
				CLANG_CXX_LIBRARY = "libc++";
				CLANG_ENABLE_MODULES = YES;
				CLANG_ENABLE_OBJC_ARC = YES;
				CLANG_WARN_BOOL_CONVERSION = YES;
				CLANG_WARN_CONSTANT_CONVERSION = YES;
				CLANG_WARN_DIRECT_OBJC_ISA_USAGE = YES_ERROR;
				CLANG_WARN_EMPTY_BODY = YES;
				CLANG_WARN_ENUM_CONVERSION = YES;
				CLANG_WARN_INT_CONVERSION = YES;
				CLANG_WARN_OBJC_ROOT_CLASS = YES_ERROR;
				CLANG_WARN_UNREACHABLE_CODE = YES;
				CLANG_WARN__DUPLICATE_METHOD_MATCH = YES;
				"CODE_SIGN_IDENTITY[sdk=iphoneos*]" = "iPhone Developer";
				COPY_PHASE_STRIP = YES;
				ENABLE_NS_ASSERTIONS = NO;
				ENABLE_STRICT_OBJC_MSGSEND = YES;
				GCC_C_LANGUAGE_STANDARD = gnu99;
				GCC_WARN_64_TO_32_BIT_CONVERSION = YES;
				GCC_WARN_ABOUT_RETURN_TYPE = YES_ERROR;
				GCC_WARN_UNDECLARED_SELECTOR = YES;
				GCC_WARN_UNINITIALIZED_AUTOS = YES_AGGRESSIVE;
				GCC_WARN_UNUSED_FUNCTION = YES;
				GCC_WARN_UNUSED_VARIABLE = YES;
				IPHONEOS_DEPLOYMENT_TARGET = 8.1;
				MTL_ENABLE_DEBUG_INFO = NO;
				SDKROOT = iphoneos;
				TARGETED_DEVICE_FAMILY = "1,2";
				VALIDATE_PRODUCT = YES;
			};
			name = Release;
		};
		3C0E3B461A95784400393A2A /* Debug */ = {
			isa = XCBuildConfiguration;
			buildSettings = {
				ASSETCATALOG_COMPILER_APPICON_NAME = AppIcon;
				INFOPLIST_FILE = "Hangman Project MH/Info.plist";
				LD_RUNPATH_SEARCH_PATHS = "$(inherited) @executable_path/Frameworks";
				PRODUCT_NAME = "$(TARGET_NAME)";
			};
			name = Debug;
		};
		3C0E3B471A95784400393A2A /* Release */ = {
			isa = XCBuildConfiguration;
			buildSettings = {
				ASSETCATALOG_COMPILER_APPICON_NAME = AppIcon;
				INFOPLIST_FILE = "Hangman Project MH/Info.plist";
				LD_RUNPATH_SEARCH_PATHS = "$(inherited) @executable_path/Frameworks";
				PRODUCT_NAME = "$(TARGET_NAME)";
			};
			name = Release;
		};
		3C0E3B491A95784400393A2A /* Debug */ = {
			isa = XCBuildConfiguration;
			buildSettings = {
				BUNDLE_LOADER = "$(TEST_HOST)";
				FRAMEWORK_SEARCH_PATHS = (
					"$(SDKROOT)/Developer/Library/Frameworks",
					"$(inherited)",
				);
				GCC_PREPROCESSOR_DEFINITIONS = (
					"DEBUG=1",
					"$(inherited)",
				);
				INFOPLIST_FILE = "Hangman Project MHTests/Info.plist";
				LD_RUNPATH_SEARCH_PATHS = "$(inherited) @executable_path/Frameworks @loader_path/Frameworks";
				PRODUCT_NAME = "$(TARGET_NAME)";
				TEST_HOST = "$(BUILT_PRODUCTS_DIR)/Hangman Project MH.app/Hangman Project MH";
			};
			name = Debug;
		};
		3C0E3B4A1A95784400393A2A /* Release */ = {
			isa = XCBuildConfiguration;
			buildSettings = {
				BUNDLE_LOADER = "$(TEST_HOST)";
				FRAMEWORK_SEARCH_PATHS = (
					"$(SDKROOT)/Developer/Library/Frameworks",
					"$(inherited)",
				);
				INFOPLIST_FILE = "Hangman Project MHTests/Info.plist";
				LD_RUNPATH_SEARCH_PATHS = "$(inherited) @executable_path/Frameworks @loader_path/Frameworks";
				PRODUCT_NAME = "$(TARGET_NAME)";
				TEST_HOST = "$(BUILT_PRODUCTS_DIR)/Hangman Project MH.app/Hangman Project MH";
			};
			name = Release;
		};
/* End XCBuildConfiguration section */

/* Begin XCConfigurationList section */
		3C0E3B211A95784400393A2A /* Build configuration list for PBXProject "Hangman Project MH" */ = {
			isa = XCConfigurationList;
			buildConfigurations = (
				3C0E3B431A95784400393A2A /* Debug */,
				3C0E3B441A95784400393A2A /* Release */,
			);
			defaultConfigurationIsVisible = 0;
			defaultConfigurationName = Release;
		};
		3C0E3B451A95784400393A2A /* Build configuration list for PBXNativeTarget "Hangman Project MH" */ = {
			isa = XCConfigurationList;
			buildConfigurations = (
				3C0E3B461A95784400393A2A /* Debug */,
				3C0E3B471A95784400393A2A /* Release */,
			);
			defaultConfigurationIsVisible = 0;
		};
		3C0E3B481A95784400393A2A /* Build configuration list for PBXNativeTarget "Hangman Project MHTests" */ = {
			isa = XCConfigurationList;
			buildConfigurations = (
				3C0E3B491A95784400393A2A /* Debug */,
				3C0E3B4A1A95784400393A2A /* Release */,
			);
			defaultConfigurationIsVisible = 0;
		};
/* End XCConfigurationList section */
	};
	rootObject = 3C0E3B1E1A95784400393A2A /* Project object */;
}
