// !$*UTF8*$!
{
	archiveVersion = 1;
	classes = {
	};
	objectVersion = 46;
	objects = {

/* Begin PBXBuildFile section */
		3C25638F1AB101DA00A39CA1 /* AppDelegate.swift in Sources */ = {isa = PBXBuildFile; fileRef = 3C25638E1AB101DA00A39CA1 /* AppDelegate.swift */; };
		3C2563921AB101DA00A39CA1 /* Whisperer.xcdatamodeld in Sources */ = {isa = PBXBuildFile; fileRef = 3C2563901AB101DA00A39CA1 /* Whisperer.xcdatamodeld */; };
		3C2563941AB101DA00A39CA1 /* ViewController.swift in Sources */ = {isa = PBXBuildFile; fileRef = 3C2563931AB101DA00A39CA1 /* ViewController.swift */; };
		3C2563971AB101DA00A39CA1 /* Main.storyboard in Resources */ = {isa = PBXBuildFile; fileRef = 3C2563951AB101DA00A39CA1 /* Main.storyboard */; };
		3C2563991AB101DA00A39CA1 /* Images.xcassets in Resources */ = {isa = PBXBuildFile; fileRef = 3C2563981AB101DA00A39CA1 /* Images.xcassets */; };
		3C25639C1AB101DA00A39CA1 /* LaunchScreen.xib in Resources */ = {isa = PBXBuildFile; fileRef = 3C25639A1AB101DA00A39CA1 /* LaunchScreen.xib */; };
		3C2563A81AB101DA00A39CA1 /* WhispererTests.swift in Sources */ = {isa = PBXBuildFile; fileRef = 3C2563A71AB101DA00A39CA1 /* WhispererTests.swift */; };
		3C2563B31AB103A700A39CA1 /* Bolts.framework in Frameworks */ = {isa = PBXBuildFile; fileRef = 3C2563B11AB103A700A39CA1 /* Bolts.framework */; };
		3C2563B41AB103A700A39CA1 /* Parse.framework in Frameworks */ = {isa = PBXBuildFile; fileRef = 3C2563B21AB103A700A39CA1 /* Parse.framework */; };
		3C2563B61AB1041F00A39CA1 /* CoreLocation.framework in Frameworks */ = {isa = PBXBuildFile; fileRef = 3C2563B51AB1041F00A39CA1 /* CoreLocation.framework */; };
		3C2563B81AB1044000A39CA1 /* AudioToolbox.framework in Frameworks */ = {isa = PBXBuildFile; fileRef = 3C2563B71AB1044000A39CA1 /* AudioToolbox.framework */; };
		3C2563BA1AB1044B00A39CA1 /* CFNetwork.framework in Frameworks */ = {isa = PBXBuildFile; fileRef = 3C2563B91AB1044B00A39CA1 /* CFNetwork.framework */; };
		3C2563BC1AB1045700A39CA1 /* CoreGraphics.framework in Frameworks */ = {isa = PBXBuildFile; fileRef = 3C2563BB1AB1045700A39CA1 /* CoreGraphics.framework */; };
		3C2563BE1AB1046D00A39CA1 /* MobileCoreServices.framework in Frameworks */ = {isa = PBXBuildFile; fileRef = 3C2563BD1AB1046D00A39CA1 /* MobileCoreServices.framework */; };
		3C2563C01AB1047600A39CA1 /* QuartzCore.framework in Frameworks */ = {isa = PBXBuildFile; fileRef = 3C2563BF1AB1047600A39CA1 /* QuartzCore.framework */; };
		3C2563C21AB1048100A39CA1 /* Security.framework in Frameworks */ = {isa = PBXBuildFile; fileRef = 3C2563C11AB1048100A39CA1 /* Security.framework */; };
		3C2563C41AB1048A00A39CA1 /* StoreKit.framework in Frameworks */ = {isa = PBXBuildFile; fileRef = 3C2563C31AB1048A00A39CA1 /* StoreKit.framework */; };
		3C2563C61AB1049400A39CA1 /* SystemConfiguration.framework in Frameworks */ = {isa = PBXBuildFile; fileRef = 3C2563C51AB1049400A39CA1 /* SystemConfiguration.framework */; };
		3C2563C81AB104A100A39CA1 /* libz.dylib in Frameworks */ = {isa = PBXBuildFile; fileRef = 3C2563C71AB104A100A39CA1 /* libz.dylib */; };
		3C2563CA1AB104B000A39CA1 /* libsqlite3.dylib in Frameworks */ = {isa = PBXBuildFile; fileRef = 3C2563C91AB104B000A39CA1 /* libsqlite3.dylib */; };
		3C2563CE1AB1055B00A39CA1 /* Bridge.m in Sources */ = {isa = PBXBuildFile; fileRef = 3C2563CD1AB1055B00A39CA1 /* Bridge.m */; };
		3C2563D01AB1182500A39CA1 /* UserViewController.swift in Sources */ = {isa = PBXBuildFile; fileRef = 3C2563CF1AB1182500A39CA1 /* UserViewController.swift */; };
/* End PBXBuildFile section */

/* Begin PBXContainerItemProxy section */
		3C2563A21AB101DA00A39CA1 /* PBXContainerItemProxy */ = {
			isa = PBXContainerItemProxy;
			containerPortal = 3C2563811AB101D900A39CA1 /* Project object */;
			proxyType = 1;
			remoteGlobalIDString = 3C2563881AB101D900A39CA1;
			remoteInfo = Whisperer;
		};
/* End PBXContainerItemProxy section */

/* Begin PBXFileReference section */
		3C2563891AB101DA00A39CA1 /* Whisperer.app */ = {isa = PBXFileReference; explicitFileType = wrapper.application; includeInIndex = 0; path = Whisperer.app; sourceTree = BUILT_PRODUCTS_DIR; };
		3C25638D1AB101DA00A39CA1 /* Info.plist */ = {isa = PBXFileReference; lastKnownFileType = text.plist.xml; path = Info.plist; sourceTree = "<group>"; };
		3C25638E1AB101DA00A39CA1 /* AppDelegate.swift */ = {isa = PBXFileReference; lastKnownFileType = sourcecode.swift; path = AppDelegate.swift; sourceTree = "<group>"; };
		3C2563911AB101DA00A39CA1 /* Whisperer.xcdatamodel */ = {isa = PBXFileReference; lastKnownFileType = wrapper.xcdatamodel; path = Whisperer.xcdatamodel; sourceTree = "<group>"; };
		3C2563931AB101DA00A39CA1 /* ViewController.swift */ = {isa = PBXFileReference; lastKnownFileType = sourcecode.swift; path = ViewController.swift; sourceTree = "<group>"; };
		3C2563961AB101DA00A39CA1 /* Base */ = {isa = PBXFileReference; lastKnownFileType = file.storyboard; name = Base; path = Base.lproj/Main.storyboard; sourceTree = "<group>"; };
		3C2563981AB101DA00A39CA1 /* Images.xcassets */ = {isa = PBXFileReference; lastKnownFileType = folder.assetcatalog; path = Images.xcassets; sourceTree = "<group>"; };
		3C25639B1AB101DA00A39CA1 /* Base */ = {isa = PBXFileReference; lastKnownFileType = file.xib; name = Base; path = Base.lproj/LaunchScreen.xib; sourceTree = "<group>"; };
		3C2563A11AB101DA00A39CA1 /* WhispererTests.xctest */ = {isa = PBXFileReference; explicitFileType = wrapper.cfbundle; includeInIndex = 0; path = WhispererTests.xctest; sourceTree = BUILT_PRODUCTS_DIR; };
		3C2563A61AB101DA00A39CA1 /* Info.plist */ = {isa = PBXFileReference; lastKnownFileType = text.plist.xml; path = Info.plist; sourceTree = "<group>"; };
		3C2563A71AB101DA00A39CA1 /* WhispererTests.swift */ = {isa = PBXFileReference; lastKnownFileType = sourcecode.swift; path = WhispererTests.swift; sourceTree = "<group>"; };
		3C2563B11AB103A700A39CA1 /* Bolts.framework */ = {isa = PBXFileReference; lastKnownFileType = wrapper.framework; path = Bolts.framework; sourceTree = "<group>"; };
		3C2563B21AB103A700A39CA1 /* Parse.framework */ = {isa = PBXFileReference; lastKnownFileType = wrapper.framework; path = Parse.framework; sourceTree = "<group>"; };
		3C2563B51AB1041F00A39CA1 /* CoreLocation.framework */ = {isa = PBXFileReference; lastKnownFileType = wrapper.framework; name = CoreLocation.framework; path = System/Library/Frameworks/CoreLocation.framework; sourceTree = SDKROOT; };
		3C2563B71AB1044000A39CA1 /* AudioToolbox.framework */ = {isa = PBXFileReference; lastKnownFileType = wrapper.framework; name = AudioToolbox.framework; path = System/Library/Frameworks/AudioToolbox.framework; sourceTree = SDKROOT; };
		3C2563B91AB1044B00A39CA1 /* CFNetwork.framework */ = {isa = PBXFileReference; lastKnownFileType = wrapper.framework; name = CFNetwork.framework; path = System/Library/Frameworks/CFNetwork.framework; sourceTree = SDKROOT; };
		3C2563BB1AB1045700A39CA1 /* CoreGraphics.framework */ = {isa = PBXFileReference; lastKnownFileType = wrapper.framework; name = CoreGraphics.framework; path = System/Library/Frameworks/CoreGraphics.framework; sourceTree = SDKROOT; };
		3C2563BD1AB1046D00A39CA1 /* MobileCoreServices.framework */ = {isa = PBXFileReference; lastKnownFileType = wrapper.framework; name = MobileCoreServices.framework; path = System/Library/Frameworks/MobileCoreServices.framework; sourceTree = SDKROOT; };
		3C2563BF1AB1047600A39CA1 /* QuartzCore.framework */ = {isa = PBXFileReference; lastKnownFileType = wrapper.framework; name = QuartzCore.framework; path = System/Library/Frameworks/QuartzCore.framework; sourceTree = SDKROOT; };
		3C2563C11AB1048100A39CA1 /* Security.framework */ = {isa = PBXFileReference; lastKnownFileType = wrapper.framework; name = Security.framework; path = System/Library/Frameworks/Security.framework; sourceTree = SDKROOT; };
		3C2563C31AB1048A00A39CA1 /* StoreKit.framework */ = {isa = PBXFileReference; lastKnownFileType = wrapper.framework; name = StoreKit.framework; path = System/Library/Frameworks/StoreKit.framework; sourceTree = SDKROOT; };
		3C2563C51AB1049400A39CA1 /* SystemConfiguration.framework */ = {isa = PBXFileReference; lastKnownFileType = wrapper.framework; name = SystemConfiguration.framework; path = System/Library/Frameworks/SystemConfiguration.framework; sourceTree = SDKROOT; };
		3C2563C71AB104A100A39CA1 /* libz.dylib */ = {isa = PBXFileReference; lastKnownFileType = "compiled.mach-o.dylib"; name = libz.dylib; path = usr/lib/libz.dylib; sourceTree = SDKROOT; };
		3C2563C91AB104B000A39CA1 /* libsqlite3.dylib */ = {isa = PBXFileReference; lastKnownFileType = "compiled.mach-o.dylib"; name = libsqlite3.dylib; path = usr/lib/libsqlite3.dylib; sourceTree = SDKROOT; };
		3C2563CC1AB1055A00A39CA1 /* Whisperer-Bridging-Header.h */ = {isa = PBXFileReference; lastKnownFileType = sourcecode.c.h; path = "Whisperer-Bridging-Header.h"; sourceTree = "<group>"; };
		3C2563CD1AB1055B00A39CA1 /* Bridge.m */ = {isa = PBXFileReference; fileEncoding = 4; lastKnownFileType = sourcecode.c.objc; path = Bridge.m; sourceTree = "<group>"; };
		3C2563CF1AB1182500A39CA1 /* UserViewController.swift */ = {isa = PBXFileReference; fileEncoding = 4; lastKnownFileType = sourcecode.swift; path = UserViewController.swift; sourceTree = "<group>"; };
/* End PBXFileReference section */

/* Begin PBXFrameworksBuildPhase section */
		3C2563861AB101D900A39CA1 /* Frameworks */ = {
			isa = PBXFrameworksBuildPhase;
			buildActionMask = 2147483647;
			files = (
				3C2563CA1AB104B000A39CA1 /* libsqlite3.dylib in Frameworks */,
				3C2563C81AB104A100A39CA1 /* libz.dylib in Frameworks */,
				3C2563C61AB1049400A39CA1 /* SystemConfiguration.framework in Frameworks */,
				3C2563C41AB1048A00A39CA1 /* StoreKit.framework in Frameworks */,
				3C2563C21AB1048100A39CA1 /* Security.framework in Frameworks */,
				3C2563C01AB1047600A39CA1 /* QuartzCore.framework in Frameworks */,
				3C2563BE1AB1046D00A39CA1 /* MobileCoreServices.framework in Frameworks */,
				3C2563B61AB1041F00A39CA1 /* CoreLocation.framework in Frameworks */,
				3C2563BC1AB1045700A39CA1 /* CoreGraphics.framework in Frameworks */,
				3C2563BA1AB1044B00A39CA1 /* CFNetwork.framework in Frameworks */,
				3C2563B81AB1044000A39CA1 /* AudioToolbox.framework in Frameworks */,
				3C2563B41AB103A700A39CA1 /* Parse.framework in Frameworks */,
				3C2563B31AB103A700A39CA1 /* Bolts.framework in Frameworks */,
			);
			runOnlyForDeploymentPostprocessing = 0;
		};
		3C25639E1AB101DA00A39CA1 /* Frameworks */ = {
			isa = PBXFrameworksBuildPhase;
			buildActionMask = 2147483647;
			files = (
			);
			runOnlyForDeploymentPostprocessing = 0;
		};
/* End PBXFrameworksBuildPhase section */

/* Begin PBXGroup section */
		3C2563801AB101D900A39CA1 = {
			isa = PBXGroup;
			children = (
				3C2563CF1AB1182500A39CA1 /* UserViewController.swift */,
				3C25638B1AB101DA00A39CA1 /* Whisperer */,
				3C2563A41AB101DA00A39CA1 /* WhispererTests */,
				3C25638A1AB101DA00A39CA1 /* Products */,
			);
			sourceTree = "<group>";
		};
		3C25638A1AB101DA00A39CA1 /* Products */ = {
			isa = PBXGroup;
			children = (
				3C2563891AB101DA00A39CA1 /* Whisperer.app */,
				3C2563A11AB101DA00A39CA1 /* WhispererTests.xctest */,
			);
			name = Products;
			sourceTree = "<group>";
		};
		3C25638B1AB101DA00A39CA1 /* Whisperer */ = {
			isa = PBXGroup;
			children = (
				3C2563CB1AB104FD00A39CA1 /* Frameworks */,
				3C25638E1AB101DA00A39CA1 /* AppDelegate.swift */,
				3C2563931AB101DA00A39CA1 /* ViewController.swift */,
				3C2563981AB101DA00A39CA1 /* Images.xcassets */,
				3C25639A1AB101DA00A39CA1 /* LaunchScreen.xib */,
				3C2563951AB101DA00A39CA1 /* Main.storyboard */,
				3C25638C1AB101DA00A39CA1 /* Supporting Files */,
				3C2563901AB101DA00A39CA1 /* Whisperer.xcdatamodeld */,
				3C2563CD1AB1055B00A39CA1 /* Bridge.m */,
				3C2563CC1AB1055A00A39CA1 /* Whisperer-Bridging-Header.h */,
			);
			path = Whisperer;
			sourceTree = "<group>";
		};
		3C25638C1AB101DA00A39CA1 /* Supporting Files */ = {
			isa = PBXGroup;
			children = (
				3C25638D1AB101DA00A39CA1 /* Info.plist */,
			);
			name = "Supporting Files";
			sourceTree = "<group>";
		};
		3C2563A41AB101DA00A39CA1 /* WhispererTests */ = {
			isa = PBXGroup;
			children = (
				3C2563A71AB101DA00A39CA1 /* WhispererTests.swift */,
				3C2563A51AB101DA00A39CA1 /* Supporting Files */,
			);
			path = WhispererTests;
			sourceTree = "<group>";
		};
		3C2563A51AB101DA00A39CA1 /* Supporting Files */ = {
			isa = PBXGroup;
			children = (
				3C2563A61AB101DA00A39CA1 /* Info.plist */,
			);
			name = "Supporting Files";
			sourceTree = "<group>";
		};
		3C2563CB1AB104FD00A39CA1 /* Frameworks */ = {
			isa = PBXGroup;
			children = (
				3C2563C91AB104B000A39CA1 /* libsqlite3.dylib */,
				3C2563C71AB104A100A39CA1 /* libz.dylib */,
				3C2563B71AB1044000A39CA1 /* AudioToolbox.framework */,
				3C2563B11AB103A700A39CA1 /* Bolts.framework */,
				3C2563B91AB1044B00A39CA1 /* CFNetwork.framework */,
				3C2563BB1AB1045700A39CA1 /* CoreGraphics.framework */,
				3C2563B51AB1041F00A39CA1 /* CoreLocation.framework */,
				3C2563BD1AB1046D00A39CA1 /* MobileCoreServices.framework */,
				3C2563B21AB103A700A39CA1 /* Parse.framework */,
				3C2563BF1AB1047600A39CA1 /* QuartzCore.framework */,
				3C2563C11AB1048100A39CA1 /* Security.framework */,
				3C2563C31AB1048A00A39CA1 /* StoreKit.framework */,
				3C2563C51AB1049400A39CA1 /* SystemConfiguration.framework */,
			);
			name = Frameworks;
			sourceTree = "<group>";
		};
/* End PBXGroup section */

/* Begin PBXNativeTarget section */
		3C2563881AB101D900A39CA1 /* Whisperer */ = {
			isa = PBXNativeTarget;
			buildConfigurationList = 3C2563AB1AB101DA00A39CA1 /* Build configuration list for PBXNativeTarget "Whisperer" */;
			buildPhases = (
				3C2563851AB101D900A39CA1 /* Sources */,
				3C2563861AB101D900A39CA1 /* Frameworks */,
				3C2563871AB101D900A39CA1 /* Resources */,
			);
			buildRules = (
			);
			dependencies = (
			);
			name = Whisperer;
			productName = Whisperer;
			productReference = 3C2563891AB101DA00A39CA1 /* Whisperer.app */;
			productType = "com.apple.product-type.application";
		};
		3C2563A01AB101DA00A39CA1 /* WhispererTests */ = {
			isa = PBXNativeTarget;
			buildConfigurationList = 3C2563AE1AB101DA00A39CA1 /* Build configuration list for PBXNativeTarget "WhispererTests" */;
			buildPhases = (
				3C25639D1AB101DA00A39CA1 /* Sources */,
				3C25639E1AB101DA00A39CA1 /* Frameworks */,
				3C25639F1AB101DA00A39CA1 /* Resources */,
			);
			buildRules = (
			);
			dependencies = (
				3C2563A31AB101DA00A39CA1 /* PBXTargetDependency */,
			);
			name = WhispererTests;
			productName = WhispererTests;
			productReference = 3C2563A11AB101DA00A39CA1 /* WhispererTests.xctest */;
			productType = "com.apple.product-type.bundle.unit-test";
		};
/* End PBXNativeTarget section */

/* Begin PBXProject section */
		3C2563811AB101D900A39CA1 /* Project object */ = {
			isa = PBXProject;
			attributes = {
				LastUpgradeCheck = 0610;
				ORGANIZATIONNAME = "Monica He";
				TargetAttributes = {
					3C2563881AB101D900A39CA1 = {
						CreatedOnToolsVersion = 6.1.1;
					};
					3C2563A01AB101DA00A39CA1 = {
						CreatedOnToolsVersion = 6.1.1;
						TestTargetID = 3C2563881AB101D900A39CA1;
					};
				};
			};
			buildConfigurationList = 3C2563841AB101D900A39CA1 /* Build configuration list for PBXProject "Whisperer" */;
			compatibilityVersion = "Xcode 3.2";
			developmentRegion = English;
			hasScannedForEncodings = 0;
			knownRegions = (
				en,
				Base,
			);
			mainGroup = 3C2563801AB101D900A39CA1;
			productRefGroup = 3C25638A1AB101DA00A39CA1 /* Products */;
			projectDirPath = "";
			projectRoot = "";
			targets = (
				3C2563881AB101D900A39CA1 /* Whisperer */,
				3C2563A01AB101DA00A39CA1 /* WhispererTests */,
			);
		};
/* End PBXProject section */

/* Begin PBXResourcesBuildPhase section */
		3C2563871AB101D900A39CA1 /* Resources */ = {
			isa = PBXResourcesBuildPhase;
			buildActionMask = 2147483647;
			files = (
				3C2563971AB101DA00A39CA1 /* Main.storyboard in Resources */,
				3C25639C1AB101DA00A39CA1 /* LaunchScreen.xib in Resources */,
				3C2563991AB101DA00A39CA1 /* Images.xcassets in Resources */,
			);
			runOnlyForDeploymentPostprocessing = 0;
		};
		3C25639F1AB101DA00A39CA1 /* Resources */ = {
			isa = PBXResourcesBuildPhase;
			buildActionMask = 2147483647;
			files = (
			);
			runOnlyForDeploymentPostprocessing = 0;
		};
/* End PBXResourcesBuildPhase section */

/* Begin PBXSourcesBuildPhase section */
		3C2563851AB101D900A39CA1 /* Sources */ = {
			isa = PBXSourcesBuildPhase;
			buildActionMask = 2147483647;
			files = (
				3C2563CE1AB1055B00A39CA1 /* Bridge.m in Sources */,
				3C2563D01AB1182500A39CA1 /* UserViewController.swift in Sources */,
				3C2563941AB101DA00A39CA1 /* ViewController.swift in Sources */,
				3C25638F1AB101DA00A39CA1 /* AppDelegate.swift in Sources */,
				3C2563921AB101DA00A39CA1 /* Whisperer.xcdatamodeld in Sources */,
			);
			runOnlyForDeploymentPostprocessing = 0;
		};
		3C25639D1AB101DA00A39CA1 /* Sources */ = {
			isa = PBXSourcesBuildPhase;
			buildActionMask = 2147483647;
			files = (
				3C2563A81AB101DA00A39CA1 /* WhispererTests.swift in Sources */,
			);
			runOnlyForDeploymentPostprocessing = 0;
		};
/* End PBXSourcesBuildPhase section */

/* Begin PBXTargetDependency section */
		3C2563A31AB101DA00A39CA1 /* PBXTargetDependency */ = {
			isa = PBXTargetDependency;
			target = 3C2563881AB101D900A39CA1 /* Whisperer */;
			targetProxy = 3C2563A21AB101DA00A39CA1 /* PBXContainerItemProxy */;
		};
/* End PBXTargetDependency section */

/* Begin PBXVariantGroup section */
		3C2563951AB101DA00A39CA1 /* Main.storyboard */ = {
			isa = PBXVariantGroup;
			children = (
				3C2563961AB101DA00A39CA1 /* Base */,
			);
			name = Main.storyboard;
			sourceTree = "<group>";
		};
		3C25639A1AB101DA00A39CA1 /* LaunchScreen.xib */ = {
			isa = PBXVariantGroup;
			children = (
				3C25639B1AB101DA00A39CA1 /* Base */,
			);
			name = LaunchScreen.xib;
			sourceTree = "<group>";
		};
/* End PBXVariantGroup section */

/* Begin XCBuildConfiguration section */
		3C2563A91AB101DA00A39CA1 /* Debug */ = {
			isa = XCBuildConfiguration;
			buildSettings = {
				ALWAYS_SEARCH_USER_PATHS = NO;
				CLANG_CXX_LANGUAGE_STANDARD = "gnu++0x";
				CLANG_CXX_LIBRARY = "libc++";
				CLANG_ENABLE_MODULES = YES;
				CLANG_ENABLE_OBJC_ARC = YES;
				CLANG_WARN_BOOL_CONVERSION = YES;
				CLANG_WARN_CONSTANT_CONVERSION = YES;
				CLANG_WARN_DIRECT_OBJC_ISA_USAGE = YES_ERROR;
				CLANG_WARN_EMPTY_BODY = YES;
				CLANG_WARN_ENUM_CONVERSION = YES;
				CLANG_WARN_INT_CONVERSION = YES;
				CLANG_WARN_OBJC_ROOT_CLASS = YES_ERROR;
				CLANG_WARN_UNREACHABLE_CODE = YES;
				CLANG_WARN__DUPLICATE_METHOD_MATCH = YES;
				"CODE_SIGN_IDENTITY[sdk=iphoneos*]" = "iPhone Developer";
				COPY_PHASE_STRIP = NO;
				ENABLE_STRICT_OBJC_MSGSEND = YES;
				GCC_C_LANGUAGE_STANDARD = gnu99;
				GCC_DYNAMIC_NO_PIC = NO;
				GCC_OPTIMIZATION_LEVEL = 0;
				GCC_PREPROCESSOR_DEFINITIONS = (
					"DEBUG=1",
					"$(inherited)",
				);
				GCC_SYMBOLS_PRIVATE_EXTERN = NO;
				GCC_WARN_64_TO_32_BIT_CONVERSION = YES;
				GCC_WARN_ABOUT_RETURN_TYPE = YES_ERROR;
				GCC_WARN_UNDECLARED_SELECTOR = YES;
				GCC_WARN_UNINITIALIZED_AUTOS = YES_AGGRESSIVE;
				GCC_WARN_UNUSED_FUNCTION = YES;
				GCC_WARN_UNUSED_VARIABLE = YES;
				IPHONEOS_DEPLOYMENT_TARGET = 8.1;
				MTL_ENABLE_DEBUG_INFO = YES;
				ONLY_ACTIVE_ARCH = YES;
				SDKROOT = iphoneos;
				SWIFT_OPTIMIZATION_LEVEL = "-Onone";
				TARGETED_DEVICE_FAMILY = "1,2";
			};
			name = Debug;
		};
		3C2563AA1AB101DA00A39CA1 /* Release */ = {
			isa = XCBuildConfiguration;
			buildSettings = {
				ALWAYS_SEARCH_USER_PATHS = NO;
				CLANG_CXX_LANGUAGE_STANDARD = "gnu++0x";
				CLANG_CXX_LIBRARY = "libc++";
				CLANG_ENABLE_MODULES = YES;
				CLANG_ENABLE_OBJC_ARC = YES;
				CLANG_WARN_BOOL_CONVERSION = YES;
				CLANG_WARN_CONSTANT_CONVERSION = YES;
				CLANG_WARN_DIRECT_OBJC_ISA_USAGE = YES_ERROR;
				CLANG_WARN_EMPTY_BODY = YES;
				CLANG_WARN_ENUM_CONVERSION = YES;
				CLANG_WARN_INT_CONVERSION = YES;
				CLANG_WARN_OBJC_ROOT_CLASS = YES_ERROR;
				CLANG_WARN_UNREACHABLE_CODE = YES;
				CLANG_WARN__DUPLICATE_METHOD_MATCH = YES;
				"CODE_SIGN_IDENTITY[sdk=iphoneos*]" = "iPhone Developer";
				COPY_PHASE_STRIP = YES;
				ENABLE_NS_ASSERTIONS = NO;
				ENABLE_STRICT_OBJC_MSGSEND = YES;
				GCC_C_LANGUAGE_STANDARD = gnu99;
				GCC_WARN_64_TO_32_BIT_CONVERSION = YES;
				GCC_WARN_ABOUT_RETURN_TYPE = YES_ERROR;
				GCC_WARN_UNDECLARED_SELECTOR = YES;
				GCC_WARN_UNINITIALIZED_AUTOS = YES_AGGRESSIVE;
				GCC_WARN_UNUSED_FUNCTION = YES;
				GCC_WARN_UNUSED_VARIABLE = YES;
				IPHONEOS_DEPLOYMENT_TARGET = 8.1;
				MTL_ENABLE_DEBUG_INFO = NO;
				SDKROOT = iphoneos;
				TARGETED_DEVICE_FAMILY = "1,2";
				VALIDATE_PRODUCT = YES;
			};
			name = Release;
		};
		3C2563AC1AB101DA00A39CA1 /* Debug */ = {
			isa = XCBuildConfiguration;
			buildSettings = {
				ASSETCATALOG_COMPILER_APPICON_NAME = AppIcon;
				CLANG_ENABLE_MODULES = YES;
				FRAMEWORK_SEARCH_PATHS = (
					"$(inherited)",
					"$(PROJECT_DIR)/Whisperer",
				);
				INFOPLIST_FILE = Whisperer/Info.plist;
				LD_RUNPATH_SEARCH_PATHS = "$(inherited) @executable_path/Frameworks";
				PRODUCT_NAME = "$(TARGET_NAME)";
				SWIFT_OBJC_BRIDGING_HEADER = "Whisperer/Whisperer-Bridging-Header.h";
				SWIFT_OPTIMIZATION_LEVEL = "-Onone";
			};
			name = Debug;
		};
		3C2563AD1AB101DA00A39CA1 /* Release */ = {
			isa = XCBuildConfiguration;
			buildSettings = {
				ASSETCATALOG_COMPILER_APPICON_NAME = AppIcon;
				CLANG_ENABLE_MODULES = YES;
				FRAMEWORK_SEARCH_PATHS = (
					"$(inherited)",
					"$(PROJECT_DIR)/Whisperer",
				);
				INFOPLIST_FILE = Whisperer/Info.plist;
				LD_RUNPATH_SEARCH_PATHS = "$(inherited) @executable_path/Frameworks";
				PRODUCT_NAME = "$(TARGET_NAME)";
				SWIFT_OBJC_BRIDGING_HEADER = "Whisperer/Whisperer-Bridging-Header.h";
			};
			name = Release;
		};
		3C2563AF1AB101DA00A39CA1 /* Debug */ = {
			isa = XCBuildConfiguration;
			buildSettings = {
				BUNDLE_LOADER = "$(TEST_HOST)";
				FRAMEWORK_SEARCH_PATHS = (
					"$(SDKROOT)/Developer/Library/Frameworks",
					"$(inherited)",
				);
				GCC_PREPROCESSOR_DEFINITIONS = (
					"DEBUG=1",
					"$(inherited)",
				);
				INFOPLIST_FILE = WhispererTests/Info.plist;
				LD_RUNPATH_SEARCH_PATHS = "$(inherited) @executable_path/Frameworks @loader_path/Frameworks";
				PRODUCT_NAME = "$(TARGET_NAME)";
				TEST_HOST = "$(BUILT_PRODUCTS_DIR)/Whisperer.app/Whisperer";
			};
			name = Debug;
		};
		3C2563B01AB101DA00A39CA1 /* Release */ = {
			isa = XCBuildConfiguration;
			buildSettings = {
				BUNDLE_LOADER = "$(TEST_HOST)";
				FRAMEWORK_SEARCH_PATHS = (
					"$(SDKROOT)/Developer/Library/Frameworks",
					"$(inherited)",
				);
				INFOPLIST_FILE = WhispererTests/Info.plist;
				LD_RUNPATH_SEARCH_PATHS = "$(inherited) @executable_path/Frameworks @loader_path/Frameworks";
				PRODUCT_NAME = "$(TARGET_NAME)";
				TEST_HOST = "$(BUILT_PRODUCTS_DIR)/Whisperer.app/Whisperer";
			};
			name = Release;
		};
/* End XCBuildConfiguration section */

/* Begin XCConfigurationList section */
		3C2563841AB101D900A39CA1 /* Build configuration list for PBXProject "Whisperer" */ = {
			isa = XCConfigurationList;
			buildConfigurations = (
				3C2563A91AB101DA00A39CA1 /* Debug */,
				3C2563AA1AB101DA00A39CA1 /* Release */,
			);
			defaultConfigurationIsVisible = 0;
			defaultConfigurationName = Release;
		};
		3C2563AB1AB101DA00A39CA1 /* Build configuration list for PBXNativeTarget "Whisperer" */ = {
			isa = XCConfigurationList;
			buildConfigurations = (
				3C2563AC1AB101DA00A39CA1 /* Debug */,
				3C2563AD1AB101DA00A39CA1 /* Release */,
			);
			defaultConfigurationIsVisible = 0;
		};
		3C2563AE1AB101DA00A39CA1 /* Build configuration list for PBXNativeTarget "WhispererTests" */ = {
			isa = XCConfigurationList;
			buildConfigurations = (
				3C2563AF1AB101DA00A39CA1 /* Debug */,
				3C2563B01AB101DA00A39CA1 /* Release */,
			);
			defaultConfigurationIsVisible = 0;
		};
/* End XCConfigurationList section */

/* Begin XCVersionGroup section */
		3C2563901AB101DA00A39CA1 /* Whisperer.xcdatamodeld */ = {
			isa = XCVersionGroup;
			children = (
				3C2563911AB101DA00A39CA1 /* Whisperer.xcdatamodel */,
			);
			currentVersion = 3C2563911AB101DA00A39CA1 /* Whisperer.xcdatamodel */;
			path = Whisperer.xcdatamodeld;
			sourceTree = "<group>";
			versionGroupType = wrapper.xcdatamodel;
		};
/* End XCVersionGroup section */
	};
	rootObject = 3C2563811AB101D900A39CA1 /* Project object */;
}
