// !$*UTF8*$!
{
	archiveVersion = 1;
	classes = {
	};
	objectVersion = 46;
	objects = {

/* Begin PBXBuildFile section */
		3CE6773F1A82EF5C00F8E829 /* AppDelegate.swift in Sources */ = {isa = PBXBuildFile; fileRef = 3CE6773E1A82EF5C00F8E829 /* AppDelegate.swift */; };
		3CE677411A82EF5C00F8E829 /* ViewController.swift in Sources */ = {isa = PBXBuildFile; fileRef = 3CE677401A82EF5C00F8E829 /* ViewController.swift */; };
		3CE677441A82EF5C00F8E829 /* Main.storyboard in Resources */ = {isa = PBXBuildFile; fileRef = 3CE677421A82EF5C00F8E829 /* Main.storyboard */; };
		3CE677461A82EF5C00F8E829 /* Images.xcassets in Resources */ = {isa = PBXBuildFile; fileRef = 3CE677451A82EF5C00F8E829 /* Images.xcassets */; };
		3CE677491A82EF5C00F8E829 /* LaunchScreen.xib in Resources */ = {isa = PBXBuildFile; fileRef = 3CE677471A82EF5C00F8E829 /* LaunchScreen.xib */; };
		3CE677551A82EF5C00F8E829 /* ProgrammaticViews_2_4_MHTests.swift in Sources */ = {isa = PBXBuildFile; fileRef = 3CE677541A82EF5C00F8E829 /* ProgrammaticViews_2_4_MHTests.swift */; };
		3CE677611A82FAF300F8E829 /* 12.jpg in Resources */ = {isa = PBXBuildFile; fileRef = 3CE677601A82FAF300F8E829 /* 12.jpg */; };
/* End PBXBuildFile section */

/* Begin PBXContainerItemProxy section */
		3CE6774F1A82EF5C00F8E829 /* PBXContainerItemProxy */ = {
			isa = PBXContainerItemProxy;
			containerPortal = 3CE677311A82EF5B00F8E829 /* Project object */;
			proxyType = 1;
			remoteGlobalIDString = 3CE677381A82EF5B00F8E829;
			remoteInfo = "ProgrammaticViews 2-4 MH";
		};
/* End PBXContainerItemProxy section */

/* Begin PBXFileReference section */
		3CE677391A82EF5B00F8E829 /* ProgrammaticViews 2-4 MH.app */ = {isa = PBXFileReference; explicitFileType = wrapper.application; includeInIndex = 0; path = "ProgrammaticViews 2-4 MH.app"; sourceTree = BUILT_PRODUCTS_DIR; };
		3CE6773D1A82EF5C00F8E829 /* Info.plist */ = {isa = PBXFileReference; lastKnownFileType = text.plist.xml; path = Info.plist; sourceTree = "<group>"; };
		3CE6773E1A82EF5C00F8E829 /* AppDelegate.swift */ = {isa = PBXFileReference; lastKnownFileType = sourcecode.swift; path = AppDelegate.swift; sourceTree = "<group>"; };
		3CE677401A82EF5C00F8E829 /* ViewController.swift */ = {isa = PBXFileReference; lastKnownFileType = sourcecode.swift; path = ViewController.swift; sourceTree = "<group>"; };
		3CE677431A82EF5C00F8E829 /* Base */ = {isa = PBXFileReference; lastKnownFileType = file.storyboard; name = Base; path = Base.lproj/Main.storyboard; sourceTree = "<group>"; };
		3CE677451A82EF5C00F8E829 /* Images.xcassets */ = {isa = PBXFileReference; lastKnownFileType = folder.assetcatalog; path = Images.xcassets; sourceTree = "<group>"; };
		3CE677481A82EF5C00F8E829 /* Base */ = {isa = PBXFileReference; lastKnownFileType = file.xib; name = Base; path = Base.lproj/LaunchScreen.xib; sourceTree = "<group>"; };
		3CE6774E1A82EF5C00F8E829 /* ProgrammaticViews 2-4 MHTests.xctest */ = {isa = PBXFileReference; explicitFileType = wrapper.cfbundle; includeInIndex = 0; path = "ProgrammaticViews 2-4 MHTests.xctest"; sourceTree = BUILT_PRODUCTS_DIR; };
		3CE677531A82EF5C00F8E829 /* Info.plist */ = {isa = PBXFileReference; lastKnownFileType = text.plist.xml; path = Info.plist; sourceTree = "<group>"; };
		3CE677541A82EF5C00F8E829 /* ProgrammaticViews_2_4_MHTests.swift */ = {isa = PBXFileReference; lastKnownFileType = sourcecode.swift; path = ProgrammaticViews_2_4_MHTests.swift; sourceTree = "<group>"; };
		3CE677601A82FAF300F8E829 /* 12.jpg */ = {isa = PBXFileReference; lastKnownFileType = image.jpeg; name = 12.jpg; path = ../../../../../Desktop/12.jpg; sourceTree = "<group>"; };
/* End PBXFileReference section */

/* Begin PBXFrameworksBuildPhase section */
		3CE677361A82EF5B00F8E829 /* Frameworks */ = {
			isa = PBXFrameworksBuildPhase;
			buildActionMask = 2147483647;
			files = (
			);
			runOnlyForDeploymentPostprocessing = 0;
		};
		3CE6774B1A82EF5C00F8E829 /* Frameworks */ = {
			isa = PBXFrameworksBuildPhase;
			buildActionMask = 2147483647;
			files = (
			);
			runOnlyForDeploymentPostprocessing = 0;
		};
/* End PBXFrameworksBuildPhase section */

/* Begin PBXGroup section */
		3CE677301A82EF5B00F8E829 = {
			isa = PBXGroup;
			children = (
				3CE6773B1A82EF5B00F8E829 /* ProgrammaticViews 2-4 MH */,
				3CE677511A82EF5C00F8E829 /* ProgrammaticViews 2-4 MHTests */,
				3CE6773A1A82EF5B00F8E829 /* Products */,
			);
			sourceTree = "<group>";
		};
		3CE6773A1A82EF5B00F8E829 /* Products */ = {
			isa = PBXGroup;
			children = (
				3CE677391A82EF5B00F8E829 /* ProgrammaticViews 2-4 MH.app */,
				3CE6774E1A82EF5C00F8E829 /* ProgrammaticViews 2-4 MHTests.xctest */,
			);
			name = Products;
			sourceTree = "<group>";
		};
		3CE6773B1A82EF5B00F8E829 /* ProgrammaticViews 2-4 MH */ = {
			isa = PBXGroup;
			children = (
				3CE6773E1A82EF5C00F8E829 /* AppDelegate.swift */,
				3CE677401A82EF5C00F8E829 /* ViewController.swift */,
				3CE677421A82EF5C00F8E829 /* Main.storyboard */,
				3CE677601A82FAF300F8E829 /* 12.jpg */,
				3CE677451A82EF5C00F8E829 /* Images.xcassets */,
				3CE677471A82EF5C00F8E829 /* LaunchScreen.xib */,
				3CE6773C1A82EF5C00F8E829 /* Supporting Files */,
			);
			path = "ProgrammaticViews 2-4 MH";
			sourceTree = "<group>";
		};
		3CE6773C1A82EF5C00F8E829 /* Supporting Files */ = {
			isa = PBXGroup;
			children = (
				3CE6773D1A82EF5C00F8E829 /* Info.plist */,
			);
			name = "Supporting Files";
			sourceTree = "<group>";
		};
		3CE677511A82EF5C00F8E829 /* ProgrammaticViews 2-4 MHTests */ = {
			isa = PBXGroup;
			children = (
				3CE677541A82EF5C00F8E829 /* ProgrammaticViews_2_4_MHTests.swift */,
				3CE677521A82EF5C00F8E829 /* Supporting Files */,
			);
			path = "ProgrammaticViews 2-4 MHTests";
			sourceTree = "<group>";
		};
		3CE677521A82EF5C00F8E829 /* Supporting Files */ = {
			isa = PBXGroup;
			children = (
				3CE677531A82EF5C00F8E829 /* Info.plist */,
			);
			name = "Supporting Files";
			sourceTree = "<group>";
		};
/* End PBXGroup section */

/* Begin PBXNativeTarget section */
		3CE677381A82EF5B00F8E829 /* ProgrammaticViews 2-4 MH */ = {
			isa = PBXNativeTarget;
			buildConfigurationList = 3CE677581A82EF5C00F8E829 /* Build configuration list for PBXNativeTarget "ProgrammaticViews 2-4 MH" */;
			buildPhases = (
				3CE677351A82EF5B00F8E829 /* Sources */,
				3CE677361A82EF5B00F8E829 /* Frameworks */,
				3CE677371A82EF5B00F8E829 /* Resources */,
			);
			buildRules = (
			);
			dependencies = (
			);
			name = "ProgrammaticViews 2-4 MH";
			productName = "ProgrammaticViews 2-4 MH";
			productReference = 3CE677391A82EF5B00F8E829 /* ProgrammaticViews 2-4 MH.app */;
			productType = "com.apple.product-type.application";
		};
		3CE6774D1A82EF5C00F8E829 /* ProgrammaticViews 2-4 MHTests */ = {
			isa = PBXNativeTarget;
			buildConfigurationList = 3CE6775B1A82EF5C00F8E829 /* Build configuration list for PBXNativeTarget "ProgrammaticViews 2-4 MHTests" */;
			buildPhases = (
				3CE6774A1A82EF5C00F8E829 /* Sources */,
				3CE6774B1A82EF5C00F8E829 /* Frameworks */,
				3CE6774C1A82EF5C00F8E829 /* Resources */,
			);
			buildRules = (
			);
			dependencies = (
				3CE677501A82EF5C00F8E829 /* PBXTargetDependency */,
			);
			name = "ProgrammaticViews 2-4 MHTests";
			productName = "ProgrammaticViews 2-4 MHTests";
			productReference = 3CE6774E1A82EF5C00F8E829 /* ProgrammaticViews 2-4 MHTests.xctest */;
			productType = "com.apple.product-type.bundle.unit-test";
		};
/* End PBXNativeTarget section */

/* Begin PBXProject section */
		3CE677311A82EF5B00F8E829 /* Project object */ = {
			isa = PBXProject;
			attributes = {
				LastUpgradeCheck = 0610;
				ORGANIZATIONNAME = "Monica He";
				TargetAttributes = {
					3CE677381A82EF5B00F8E829 = {
						CreatedOnToolsVersion = 6.1.1;
					};
					3CE6774D1A82EF5C00F8E829 = {
						CreatedOnToolsVersion = 6.1.1;
						TestTargetID = 3CE677381A82EF5B00F8E829;
					};
				};
			};
			buildConfigurationList = 3CE677341A82EF5B00F8E829 /* Build configuration list for PBXProject "ProgrammaticViews 2-4 MH" */;
			compatibilityVersion = "Xcode 3.2";
			developmentRegion = English;
			hasScannedForEncodings = 0;
			knownRegions = (
				en,
				Base,
			);
			mainGroup = 3CE677301A82EF5B00F8E829;
			productRefGroup = 3CE6773A1A82EF5B00F8E829 /* Products */;
			projectDirPath = "";
			projectRoot = "";
			targets = (
				3CE677381A82EF5B00F8E829 /* ProgrammaticViews 2-4 MH */,
				3CE6774D1A82EF5C00F8E829 /* ProgrammaticViews 2-4 MHTests */,
			);
		};
/* End PBXProject section */

/* Begin PBXResourcesBuildPhase section */
		3CE677371A82EF5B00F8E829 /* Resources */ = {
			isa = PBXResourcesBuildPhase;
			buildActionMask = 2147483647;
			files = (
				3CE677611A82FAF300F8E829 /* 12.jpg in Resources */,
				3CE677441A82EF5C00F8E829 /* Main.storyboard in Resources */,
				3CE677491A82EF5C00F8E829 /* LaunchScreen.xib in Resources */,
				3CE677461A82EF5C00F8E829 /* Images.xcassets in Resources */,
			);
			runOnlyForDeploymentPostprocessing = 0;
		};
		3CE6774C1A82EF5C00F8E829 /* Resources */ = {
			isa = PBXResourcesBuildPhase;
			buildActionMask = 2147483647;
			files = (
			);
			runOnlyForDeploymentPostprocessing = 0;
		};
/* End PBXResourcesBuildPhase section */

/* Begin PBXSourcesBuildPhase section */
		3CE677351A82EF5B00F8E829 /* Sources */ = {
			isa = PBXSourcesBuildPhase;
			buildActionMask = 2147483647;
			files = (
				3CE677411A82EF5C00F8E829 /* ViewController.swift in Sources */,
				3CE6773F1A82EF5C00F8E829 /* AppDelegate.swift in Sources */,
			);
			runOnlyForDeploymentPostprocessing = 0;
		};
		3CE6774A1A82EF5C00F8E829 /* Sources */ = {
			isa = PBXSourcesBuildPhase;
			buildActionMask = 2147483647;
			files = (
				3CE677551A82EF5C00F8E829 /* ProgrammaticViews_2_4_MHTests.swift in Sources */,
			);
			runOnlyForDeploymentPostprocessing = 0;
		};
/* End PBXSourcesBuildPhase section */

/* Begin PBXTargetDependency section */
		3CE677501A82EF5C00F8E829 /* PBXTargetDependency */ = {
			isa = PBXTargetDependency;
			target = 3CE677381A82EF5B00F8E829 /* ProgrammaticViews 2-4 MH */;
			targetProxy = 3CE6774F1A82EF5C00F8E829 /* PBXContainerItemProxy */;
		};
/* End PBXTargetDependency section */

/* Begin PBXVariantGroup section */
		3CE677421A82EF5C00F8E829 /* Main.storyboard */ = {
			isa = PBXVariantGroup;
			children = (
				3CE677431A82EF5C00F8E829 /* Base */,
			);
			name = Main.storyboard;
			sourceTree = "<group>";
		};
		3CE677471A82EF5C00F8E829 /* LaunchScreen.xib */ = {
			isa = PBXVariantGroup;
			children = (
				3CE677481A82EF5C00F8E829 /* Base */,
			);
			name = LaunchScreen.xib;
			sourceTree = "<group>";
		};
/* End PBXVariantGroup section */

/* Begin XCBuildConfiguration section */
		3CE677561A82EF5C00F8E829 /* Debug */ = {
			isa = XCBuildConfiguration;
			buildSettings = {
				ALWAYS_SEARCH_USER_PATHS = NO;
				CLANG_CXX_LANGUAGE_STANDARD = "gnu++0x";
				CLANG_CXX_LIBRARY = "libc++";
				CLANG_ENABLE_MODULES = YES;
				CLANG_ENABLE_OBJC_ARC = YES;
				CLANG_WARN_BOOL_CONVERSION = YES;
				CLANG_WARN_CONSTANT_CONVERSION = YES;
				CLANG_WARN_DIRECT_OBJC_ISA_USAGE = YES_ERROR;
				CLANG_WARN_EMPTY_BODY = YES;
				CLANG_WARN_ENUM_CONVERSION = YES;
				CLANG_WARN_INT_CONVERSION = YES;
				CLANG_WARN_OBJC_ROOT_CLASS = YES_ERROR;
				CLANG_WARN_UNREACHABLE_CODE = YES;
				CLANG_WARN__DUPLICATE_METHOD_MATCH = YES;
				"CODE_SIGN_IDENTITY[sdk=iphoneos*]" = "iPhone Developer";
				COPY_PHASE_STRIP = NO;
				ENABLE_STRICT_OBJC_MSGSEND = YES;
				GCC_C_LANGUAGE_STANDARD = gnu99;
				GCC_DYNAMIC_NO_PIC = NO;
				GCC_OPTIMIZATION_LEVEL = 0;
				GCC_PREPROCESSOR_DEFINITIONS = (
					"DEBUG=1",
					"$(inherited)",
				);
				GCC_SYMBOLS_PRIVATE_EXTERN = NO;
				GCC_WARN_64_TO_32_BIT_CONVERSION = YES;
				GCC_WARN_ABOUT_RETURN_TYPE = YES_ERROR;
				GCC_WARN_UNDECLARED_SELECTOR = YES;
				GCC_WARN_UNINITIALIZED_AUTOS = YES_AGGRESSIVE;
				GCC_WARN_UNUSED_FUNCTION = YES;
				GCC_WARN_UNUSED_VARIABLE = YES;
				IPHONEOS_DEPLOYMENT_TARGET = 8.1;
				MTL_ENABLE_DEBUG_INFO = YES;
				ONLY_ACTIVE_ARCH = YES;
				SDKROOT = iphoneos;
				SWIFT_OPTIMIZATION_LEVEL = "-Onone";
			};
			name = Debug;
		};
		3CE677571A82EF5C00F8E829 /* Release */ = {
			isa = XCBuildConfiguration;
			buildSettings = {
				ALWAYS_SEARCH_USER_PATHS = NO;
				CLANG_CXX_LANGUAGE_STANDARD = "gnu++0x";
				CLANG_CXX_LIBRARY = "libc++";
				CLANG_ENABLE_MODULES = YES;
				CLANG_ENABLE_OBJC_ARC = YES;
				CLANG_WARN_BOOL_CONVERSION = YES;
				CLANG_WARN_CONSTANT_CONVERSION = YES;
				CLANG_WARN_DIRECT_OBJC_ISA_USAGE = YES_ERROR;
				CLANG_WARN_EMPTY_BODY = YES;
				CLANG_WARN_ENUM_CONVERSION = YES;
				CLANG_WARN_INT_CONVERSION = YES;
				CLANG_WARN_OBJC_ROOT_CLASS = YES_ERROR;
				CLANG_WARN_UNREACHABLE_CODE = YES;
				CLANG_WARN__DUPLICATE_METHOD_MATCH = YES;
				"CODE_SIGN_IDENTITY[sdk=iphoneos*]" = "iPhone Developer";
				COPY_PHASE_STRIP = YES;
				ENABLE_NS_ASSERTIONS = NO;
				ENABLE_STRICT_OBJC_MSGSEND = YES;
				GCC_C_LANGUAGE_STANDARD = gnu99;
				GCC_WARN_64_TO_32_BIT_CONVERSION = YES;
				GCC_WARN_ABOUT_RETURN_TYPE = YES_ERROR;
				GCC_WARN_UNDECLARED_SELECTOR = YES;
				GCC_WARN_UNINITIALIZED_AUTOS = YES_AGGRESSIVE;
				GCC_WARN_UNUSED_FUNCTION = YES;
				GCC_WARN_UNUSED_VARIABLE = YES;
				IPHONEOS_DEPLOYMENT_TARGET = 8.1;
				MTL_ENABLE_DEBUG_INFO = NO;
				SDKROOT = iphoneos;
				VALIDATE_PRODUCT = YES;
			};
			name = Release;
		};
		3CE677591A82EF5C00F8E829 /* Debug */ = {
			isa = XCBuildConfiguration;
			buildSettings = {
				ASSETCATALOG_COMPILER_APPICON_NAME = AppIcon;
				INFOPLIST_FILE = "ProgrammaticViews 2-4 MH/Info.plist";
				LD_RUNPATH_SEARCH_PATHS = "$(inherited) @executable_path/Frameworks";
				PRODUCT_NAME = "$(TARGET_NAME)";
			};
			name = Debug;
		};
		3CE6775A1A82EF5C00F8E829 /* Release */ = {
			isa = XCBuildConfiguration;
			buildSettings = {
				ASSETCATALOG_COMPILER_APPICON_NAME = AppIcon;
				INFOPLIST_FILE = "ProgrammaticViews 2-4 MH/Info.plist";
				LD_RUNPATH_SEARCH_PATHS = "$(inherited) @executable_path/Frameworks";
				PRODUCT_NAME = "$(TARGET_NAME)";
			};
			name = Release;
		};
		3CE6775C1A82EF5C00F8E829 /* Debug */ = {
			isa = XCBuildConfiguration;
			buildSettings = {
				BUNDLE_LOADER = "$(TEST_HOST)";
				FRAMEWORK_SEARCH_PATHS = (
					"$(SDKROOT)/Developer/Library/Frameworks",
					"$(inherited)",
				);
				GCC_PREPROCESSOR_DEFINITIONS = (
					"DEBUG=1",
					"$(inherited)",
				);
				INFOPLIST_FILE = "ProgrammaticViews 2-4 MHTests/Info.plist";
				LD_RUNPATH_SEARCH_PATHS = "$(inherited) @executable_path/Frameworks @loader_path/Frameworks";
				PRODUCT_NAME = "$(TARGET_NAME)";
				TEST_HOST = "$(BUILT_PRODUCTS_DIR)/ProgrammaticViews 2-4 MH.app/ProgrammaticViews 2-4 MH";
			};
			name = Debug;
		};
		3CE6775D1A82EF5C00F8E829 /* Release */ = {
			isa = XCBuildConfiguration;
			buildSettings = {
				BUNDLE_LOADER = "$(TEST_HOST)";
				FRAMEWORK_SEARCH_PATHS = (
					"$(SDKROOT)/Developer/Library/Frameworks",
					"$(inherited)",
				);
				INFOPLIST_FILE = "ProgrammaticViews 2-4 MHTests/Info.plist";
				LD_RUNPATH_SEARCH_PATHS = "$(inherited) @executable_path/Frameworks @loader_path/Frameworks";
				PRODUCT_NAME = "$(TARGET_NAME)";
				TEST_HOST = "$(BUILT_PRODUCTS_DIR)/ProgrammaticViews 2-4 MH.app/ProgrammaticViews 2-4 MH";
			};
			name = Release;
		};
/* End XCBuildConfiguration section */

/* Begin XCConfigurationList section */
		3CE677341A82EF5B00F8E829 /* Build configuration list for PBXProject "ProgrammaticViews 2-4 MH" */ = {
			isa = XCConfigurationList;
			buildConfigurations = (
				3CE677561A82EF5C00F8E829 /* Debug */,
				3CE677571A82EF5C00F8E829 /* Release */,
			);
			defaultConfigurationIsVisible = 0;
			defaultConfigurationName = Release;
		};
		3CE677581A82EF5C00F8E829 /* Build configuration list for PBXNativeTarget "ProgrammaticViews 2-4 MH" */ = {
			isa = XCConfigurationList;
			buildConfigurations = (
				3CE677591A82EF5C00F8E829 /* Debug */,
				3CE6775A1A82EF5C00F8E829 /* Release */,
			);
			defaultConfigurationIsVisible = 0;
		};
		3CE6775B1A82EF5C00F8E829 /* Build configuration list for PBXNativeTarget "ProgrammaticViews 2-4 MHTests" */ = {
			isa = XCConfigurationList;
			buildConfigurations = (
				3CE6775C1A82EF5C00F8E829 /* Debug */,
				3CE6775D1A82EF5C00F8E829 /* Release */,
			);
			defaultConfigurationIsVisible = 0;
		};
/* End XCConfigurationList section */
	};
	rootObject = 3CE677311A82EF5B00F8E829 /* Project object */;
}
